// !$*UTF8*$!
{
	archiveVersion = 1;
	classes = {
	};
	objectVersion = 42;
	objects = {

/* Begin PBXAggregateTarget section */
		F9F04CE10CE260EB00F28ED2 /* FileView + Leopard */ = {
			isa = PBXAggregateTarget;
			buildConfigurationList = F9F04CE80CE2612D00F28ED2 /* Build configuration list for PBXAggregateTarget "FileView + Leopard" */;
			buildPhases = (
				F9F04CE00CE260EB00F28ED2 /* CopyFiles */,
			);
			comments = "This target just copies the plugin into the framework's bundle, since the bundle needs to link against the framework.";
			dependencies = (
				F9F04CE50CE260F400F28ED2 /* PBXTargetDependency */,
			);
			name = "FileView + Leopard";
			productName = "Bundle QL plugin";
		};
/* End PBXAggregateTarget section */

/* Begin PBXBuildFile section */
		8DC2EF530486A6940098B216 /* InfoPlist.strings in Resources */ = {isa = PBXBuildFile; fileRef = 089C1666FE841158C02AAC07 /* InfoPlist.strings */; };
		8DC2EF570486A6940098B216 /* Cocoa.framework in Frameworks */ = {isa = PBXBuildFile; fileRef = 1058C7B1FEA5585E11CA2CBB /* Cocoa.framework */; };
		CE05D35B0D7B0D4A0034C2A8 /* FVUtilities.m in Sources */ = {isa = PBXBuildFile; fileRef = CE05D3250D7AFC830034C2A8 /* FVUtilities.m */; };
		CE05D35E0D7B0D750034C2A8 /* FVUtilities.h in Headers */ = {isa = PBXBuildFile; fileRef = CE05D3240D7AFC830034C2A8 /* FVUtilities.h */; };
		CE05D3AD0D7B21DC0034C2A8 /* FVColorMenuView.nib in Resources */ = {isa = PBXBuildFile; fileRef = CE05D3AC0D7B21DC0034C2A8 /* FVColorMenuView.nib */; };
		CE05D3B10D7B22170034C2A8 /* FVColorMenuView.h in Headers */ = {isa = PBXBuildFile; fileRef = CE05D3AF0D7B22170034C2A8 /* FVColorMenuView.h */; };
		CE05D3B20D7B22170034C2A8 /* FVColorMenuView.m in Sources */ = {isa = PBXBuildFile; fileRef = CE05D3B00D7B22170034C2A8 /* FVColorMenuView.m */; };
		CE05D3C60D7B272A0034C2A8 /* FVDownload.h in Headers */ = {isa = PBXBuildFile; fileRef = CE05D3C40D7B272A0034C2A8 /* FVDownload.h */; };
		CE05D3C70D7B272A0034C2A8 /* FVDownload.m in Sources */ = {isa = PBXBuildFile; fileRef = CE05D3C50D7B272A0034C2A8 /* FVDownload.m */; };
		CE05D3D00D7B27FC0034C2A8 /* FVProgressIndicatorCell.h in Headers */ = {isa = PBXBuildFile; fileRef = CE05D3CE0D7B27FC0034C2A8 /* FVProgressIndicatorCell.h */; };
		CE05D3D10D7B27FC0034C2A8 /* FVProgressIndicatorCell.m in Sources */ = {isa = PBXBuildFile; fileRef = CE05D3CF0D7B27FC0034C2A8 /* FVProgressIndicatorCell.m */; };
		CE05D43A0D7B31A80034C2A8 /* FVCGImageHeader.cpp in Sources */ = {isa = PBXBuildFile; fileRef = CE05D4380D7B31A80034C2A8 /* FVCGImageHeader.cpp */; };
		CE05D43B0D7B31A80034C2A8 /* FVCGImageHeader.h in Headers */ = {isa = PBXBuildFile; fileRef = CE05D4390D7B31A80034C2A8 /* FVCGImageHeader.h */; };
		CE05D4700D7B36DD0034C2A8 /* FVIcon_Private.m in Sources */ = {isa = PBXBuildFile; fileRef = CE05D4690D7B36DD0034C2A8 /* FVIcon_Private.m */; };
		CE05D4710D7B36DD0034C2A8 /* FVMIMEIcon.h in Headers */ = {isa = PBXBuildFile; fileRef = CE05D46A0D7B36DD0034C2A8 /* FVMIMEIcon.h */; };
		CE05D4720D7B36DD0034C2A8 /* FVMIMEIcon.m in Sources */ = {isa = PBXBuildFile; fileRef = CE05D46B0D7B36DD0034C2A8 /* FVMIMEIcon.m */; };
		CE05D4730D7B36DD0034C2A8 /* FVMovieIcon.h in Headers */ = {isa = PBXBuildFile; fileRef = CE05D46C0D7B36DD0034C2A8 /* FVMovieIcon.h */; };
		CE05D4740D7B36DD0034C2A8 /* FVMovieIcon.m in Sources */ = {isa = PBXBuildFile; fileRef = CE05D46D0D7B36DD0034C2A8 /* FVMovieIcon.m */; };
		CE05D4750D7B36DD0034C2A8 /* FVPlaceholderImage.h in Headers */ = {isa = PBXBuildFile; fileRef = CE05D46E0D7B36DD0034C2A8 /* FVPlaceholderImage.h */; };
		CE05D4760D7B36DD0034C2A8 /* FVPlaceholderImage.m in Sources */ = {isa = PBXBuildFile; fileRef = CE05D46F0D7B36DD0034C2A8 /* FVPlaceholderImage.m */; };
		CE05D5A20D7C10FD0034C2A8 /* FVSlider.h in Headers */ = {isa = PBXBuildFile; fileRef = CE05D5A00D7C10FD0034C2A8 /* FVSlider.h */; };
		CE05D5A30D7C10FD0034C2A8 /* FVSlider.m in Sources */ = {isa = PBXBuildFile; fileRef = CE05D5A10D7C10FD0034C2A8 /* FVSlider.m */; };
		CE8923300D7CBB0C006D514C /* FVConcreteOperationQueue.h in Headers */ = {isa = PBXBuildFile; fileRef = CE05D5D40D7C223E0034C2A8 /* FVConcreteOperationQueue.h */; };
		CE8923310D7CBB0D006D514C /* FVConcreteOperationQueue.m in Sources */ = {isa = PBXBuildFile; fileRef = CE05D5D50D7C223E0034C2A8 /* FVConcreteOperationQueue.m */; };
		CE8923320D7CBB0E006D514C /* FVMainThreadOperationQueue.h in Headers */ = {isa = PBXBuildFile; fileRef = CE05D5CE0D7C223E0034C2A8 /* FVMainThreadOperationQueue.h */; };
		CE8923330D7CBB0E006D514C /* FVMainThreadOperationQueue.m in Sources */ = {isa = PBXBuildFile; fileRef = CE05D5CF0D7C223E0034C2A8 /* FVMainThreadOperationQueue.m */; };
		CE8923340D7CBB0F006D514C /* FVOperationQueue.h in Headers */ = {isa = PBXBuildFile; fileRef = CE05D5D00D7C223E0034C2A8 /* FVOperationQueue.h */; };
		CE8923350D7CBB10006D514C /* FVOperationQueue.m in Sources */ = {isa = PBXBuildFile; fileRef = CE05D5D10D7C223E0034C2A8 /* FVOperationQueue.m */; };
		CE8923360D7CBB11006D514C /* FVPriorityQueue.h in Headers */ = {isa = PBXBuildFile; fileRef = CE05D5D20D7C223E0034C2A8 /* FVPriorityQueue.h */; };
		CE8923370D7CBB11006D514C /* FVPriorityQueue.mm in Sources */ = {isa = PBXBuildFile; fileRef = CE05D5D30D7C223E0034C2A8 /* FVPriorityQueue.mm */; };
		CE8923380D7CBB14006D514C /* FVConcreteOperation.h in Headers */ = {isa = PBXBuildFile; fileRef = CE05D5E20D7C22550034C2A8 /* FVConcreteOperation.h */; };
		CE8923390D7CBB15006D514C /* FVConcreteOperation.m in Sources */ = {isa = PBXBuildFile; fileRef = CE05D5E30D7C22550034C2A8 /* FVConcreteOperation.m */; };
		CE89233A0D7CBB16006D514C /* FVIconOperation.h in Headers */ = {isa = PBXBuildFile; fileRef = CE05D5E40D7C22550034C2A8 /* FVIconOperation.h */; };
		CE89233B0D7CBB17006D514C /* FVIconOperation.m in Sources */ = {isa = PBXBuildFile; fileRef = CE05D5E50D7C22550034C2A8 /* FVIconOperation.m */; };
		CE89233C0D7CBB17006D514C /* FVInvocationOperation.h in Headers */ = {isa = PBXBuildFile; fileRef = CE05D5E60D7C22550034C2A8 /* FVInvocationOperation.h */; };
		CE89233D0D7CBB18006D514C /* FVInvocationOperation.m in Sources */ = {isa = PBXBuildFile; fileRef = CE05D5E70D7C22550034C2A8 /* FVInvocationOperation.m */; };
		CE89233E0D7CBB19006D514C /* FVOperation.h in Headers */ = {isa = PBXBuildFile; fileRef = CE05D5E80D7C22550034C2A8 /* FVOperation.h */; };
		CE89233F0D7CBB1A006D514C /* FVOperation.m in Sources */ = {isa = PBXBuildFile; fileRef = CE05D5E90D7C22550034C2A8 /* FVOperation.m */; };
		CEA831140DC1FAB500B551D1 /* FVAccessibilityIconElement.h in Headers */ = {isa = PBXBuildFile; fileRef = CEA831120DC1FAB500B551D1 /* FVAccessibilityIconElement.h */; };
		CEA831150DC1FAB500B551D1 /* FVAccessibilityIconElement.m in Sources */ = {isa = PBXBuildFile; fileRef = CEA831130DC1FAB500B551D1 /* FVAccessibilityIconElement.m */; };
		CEFC19B10F693E8B00B2AEE6 /* FileView.h in Headers */ = {isa = PBXBuildFile; fileRef = CEFC19B00F693E8B00B2AEE6 /* FileView.h */; settings = {ATTRIBUTES = (Public, ); }; };
		F92C7BC70D280D0E004409D8 /* FVWebViewIcon.h in Headers */ = {isa = PBXBuildFile; fileRef = F92C7BAA0D280626004409D8 /* FVWebViewIcon.h */; };
		F92C7BC80D280D0F004409D8 /* FVWebViewIcon.m in Sources */ = {isa = PBXBuildFile; fileRef = F92C7BAB0D280626004409D8 /* FVWebViewIcon.m */; };
		F92C7C4F0D282503004409D8 /* SystemConfiguration.framework in Frameworks */ = {isa = PBXBuildFile; fileRef = F92C7C4E0D282503004409D8 /* SystemConfiguration.framework */; };
		F92C7C500D28250F004409D8 /* SystemConfiguration.framework in Frameworks */ = {isa = PBXBuildFile; fileRef = F92C7C4E0D282503004409D8 /* SystemConfiguration.framework */; };
		F93C3AEB0D39473C006EB558 /* FVFinderLabel.h in Headers */ = {isa = PBXBuildFile; fileRef = F93C3AE90D39473C006EB558 /* FVFinderLabel.h */; settings = {ATTRIBUTES = (Public, ); }; };
		F93C3AEC0D39473C006EB558 /* FVFinderLabel.m in Sources */ = {isa = PBXBuildFile; fileRef = F93C3AEA0D39473C006EB558 /* FVFinderLabel.m */; };
		F94692020CA56EC500AC2772 /* FVFileView.h in Headers */ = {isa = PBXBuildFile; fileRef = F94691F70CA56EC500AC2772 /* FVFileView.h */; settings = {ATTRIBUTES = (Public, ); }; };
		F94692030CA56EC500AC2772 /* FVFileView.m in Sources */ = {isa = PBXBuildFile; fileRef = F94691F80CA56EC500AC2772 /* FVFileView.m */; };
		F94692040CA56EC500AC2772 /* FVArrowButtonCell.h in Headers */ = {isa = PBXBuildFile; fileRef = F94691F90CA56EC500AC2772 /* FVArrowButtonCell.h */; };
		F94692050CA56EC500AC2772 /* FVArrowButtonCell.m in Sources */ = {isa = PBXBuildFile; fileRef = F94691FA0CA56EC500AC2772 /* FVArrowButtonCell.m */; };
		F94692060CA56EC500AC2772 /* FVIcon.h in Headers */ = {isa = PBXBuildFile; fileRef = F94691FB0CA56EC500AC2772 /* FVIcon.h */; };
		F94692070CA56EC500AC2772 /* FVIcon.m in Sources */ = {isa = PBXBuildFile; fileRef = F94691FC0CA56EC500AC2772 /* FVIcon.m */; };
		F946920A0CA56EC500AC2772 /* FVPreviewer.h in Headers */ = {isa = PBXBuildFile; fileRef = F94691FF0CA56EC500AC2772 /* FVPreviewer.h */; settings = {ATTRIBUTES = (Public, ); }; };
		F946920B0CA56EC500AC2772 /* FVPreviewer.m in Sources */ = {isa = PBXBuildFile; fileRef = F94692000CA56EC500AC2772 /* FVPreviewer.m */; };
		F946921D0CA5700800AC2772 /* FVQuickLookIcon.m in Sources */ = {isa = PBXBuildFile; fileRef = F946921C0CA5700800AC2772 /* FVQuickLookIcon.m */; };
		F946921E0CA5701F00AC2772 /* FileView.framework in Frameworks */ = {isa = PBXBuildFile; fileRef = 8DC2EF5B0486A6940098B216 /* FileView.framework */; };
		F94692310CA5710500AC2772 /* QTKit.framework in Frameworks */ = {isa = PBXBuildFile; fileRef = F946922D0CA5710500AC2772 /* QTKit.framework */; };
		F94692320CA5710500AC2772 /* Quartz.framework in Frameworks */ = {isa = PBXBuildFile; fileRef = F946922E0CA5710500AC2772 /* Quartz.framework */; };
		F94692340CA5710500AC2772 /* WebKit.framework in Frameworks */ = {isa = PBXBuildFile; fileRef = F94692300CA5710500AC2772 /* WebKit.framework */; };
		F94692370CA5712800AC2772 /* QuickLook.framework in Frameworks */ = {isa = PBXBuildFile; fileRef = F946922F0CA5710500AC2772 /* QuickLook.framework */; };
		F946926A0CA5767700AC2772 /* FileView.framework in Frameworks */ = {isa = PBXBuildFile; fileRef = 8DC2EF5B0486A6940098B216 /* FileView.framework */; };
		F946926E0CA5769100AC2772 /* Cocoa.framework in Frameworks */ = {isa = PBXBuildFile; fileRef = 1058C7B1FEA5585E11CA2CBB /* Cocoa.framework */; };
		F94692830CA5777300AC2772 /* Controller.m in Sources */ = {isa = PBXBuildFile; fileRef = F946927D0CA5777300AC2772 /* Controller.m */; };
		F94692840CA5777300AC2772 /* InfoPlist.strings in Resources */ = {isa = PBXBuildFile; fileRef = F946927E0CA5777300AC2772 /* InfoPlist.strings */; };
		F94692850CA5777300AC2772 /* MainMenu.nib in Resources */ = {isa = PBXBuildFile; fileRef = F94692800CA5777300AC2772 /* MainMenu.nib */; };
		F94692860CA5777300AC2772 /* FileView Program-Info.plist in Resources */ = {isa = PBXBuildFile; fileRef = F94692820CA5777300AC2772 /* FileView Program-Info.plist */; };
		F946928F0CA5784700AC2772 /* main.m in Sources */ = {isa = PBXBuildFile; fileRef = F946928E0CA5784700AC2772 /* main.m */; };
		F94692A60CA5793B00AC2772 /* FVPreviewer.nib in Resources */ = {isa = PBXBuildFile; fileRef = F94692A50CA5793B00AC2772 /* FVPreviewer.nib */; };
		F94693FF0CA583A300AC2772 /* FileView.framework in CopyFiles */ = {isa = PBXBuildFile; fileRef = 8DC2EF5B0486A6940098B216 /* FileView.framework */; };
		F94694500CA59AF100AC2772 /* FVScaledImageView.h in Headers */ = {isa = PBXBuildFile; fileRef = F946944E0CA59AF100AC2772 /* FVScaledImageView.h */; };
		F94694510CA59AF100AC2772 /* FVScaledImageView.m in Sources */ = {isa = PBXBuildFile; fileRef = F946944F0CA59AF100AC2772 /* FVScaledImageView.m */; };
		F980F0930CCC3C2E0067C1DF /* libz.dylib in Frameworks */ = {isa = PBXBuildFile; fileRef = F980F0920CCC3C2E0067C1DF /* libz.dylib */; };
		F9A2D2E20CCA76B6002F517B /* DTFile.cpp in Sources */ = {isa = PBXBuildFile; fileRef = F9A2D2E00CCA76B6002F517B /* DTFile.cpp */; };
		F9A2D2E30CCA76B6002F517B /* DTFile.h in Headers */ = {isa = PBXBuildFile; fileRef = F9A2D2E10CCA76B6002F517B /* DTFile.h */; };
		F9A2D2EB0CCA772A002F517B /* DTError.h in Headers */ = {isa = PBXBuildFile; fileRef = F9A2D2E90CCA772A002F517B /* DTError.h */; };
		F9A2D2EC0CCA772A002F517B /* DTError.cpp in Sources */ = {isa = PBXBuildFile; fileRef = F9A2D2EA0CCA772A002F517B /* DTError.cpp */; };
		F9A2D2FE0CCA7783002F517B /* DTArray.h in Headers */ = {isa = PBXBuildFile; fileRef = F9A2D2ED0CCA7783002F517B /* DTArray.h */; };
		F9A2D2FF0CCA7783002F517B /* DTArrayConversion.cpp in Sources */ = {isa = PBXBuildFile; fileRef = F9A2D2EE0CCA7783002F517B /* DTArrayConversion.cpp */; };
		F9A2D3000CCA7783002F517B /* DTArrayConversion.h in Headers */ = {isa = PBXBuildFile; fileRef = F9A2D2EF0CCA7783002F517B /* DTArrayConversion.h */; };
		F9A2D3010CCA7783002F517B /* DTCharArray.cpp in Sources */ = {isa = PBXBuildFile; fileRef = F9A2D2F00CCA7783002F517B /* DTCharArray.cpp */; };
		F9A2D3020CCA7783002F517B /* DTCharArray.h in Headers */ = {isa = PBXBuildFile; fileRef = F9A2D2F10CCA7783002F517B /* DTCharArray.h */; };
		F9A2D3030CCA7783002F517B /* DTDoubleArray.cpp in Sources */ = {isa = PBXBuildFile; fileRef = F9A2D2F20CCA7783002F517B /* DTDoubleArray.cpp */; };
		F9A2D3040CCA7783002F517B /* DTDoubleArray.h in Headers */ = {isa = PBXBuildFile; fileRef = F9A2D2F30CCA7783002F517B /* DTDoubleArray.h */; };
		F9A2D3050CCA7783002F517B /* DTFloatArray.cpp in Sources */ = {isa = PBXBuildFile; fileRef = F9A2D2F40CCA7783002F517B /* DTFloatArray.cpp */; };
		F9A2D3060CCA7783002F517B /* DTFloatArray.h in Headers */ = {isa = PBXBuildFile; fileRef = F9A2D2F50CCA7783002F517B /* DTFloatArray.h */; };
		F9A2D3070CCA7783002F517B /* DTIntArray.h in Headers */ = {isa = PBXBuildFile; fileRef = F9A2D2F60CCA7783002F517B /* DTIntArray.h */; };
		F9A2D3080CCA7783002F517B /* DTIntArray.cpp in Sources */ = {isa = PBXBuildFile; fileRef = F9A2D2F70CCA7783002F517B /* DTIntArray.cpp */; };
		F9A2D3090CCA7783002F517B /* DTShortIntArray.cpp in Sources */ = {isa = PBXBuildFile; fileRef = F9A2D2F80CCA7783002F517B /* DTShortIntArray.cpp */; };
		F9A2D30A0CCA7783002F517B /* DTShortIntArray.h in Headers */ = {isa = PBXBuildFile; fileRef = F9A2D2F90CCA7783002F517B /* DTShortIntArray.h */; };
		F9A2D30B0CCA7783002F517B /* DTUCharArray.cpp in Sources */ = {isa = PBXBuildFile; fileRef = F9A2D2FA0CCA7783002F517B /* DTUCharArray.cpp */; };
		F9A2D30C0CCA7783002F517B /* DTUCharArray.h in Headers */ = {isa = PBXBuildFile; fileRef = F9A2D2FB0CCA7783002F517B /* DTUCharArray.h */; };
		F9A2D30D0CCA7783002F517B /* DTUShortIntArray.cpp in Sources */ = {isa = PBXBuildFile; fileRef = F9A2D2FC0CCA7783002F517B /* DTUShortIntArray.cpp */; };
		F9A2D30E0CCA7783002F517B /* DTUShortIntArray.h in Headers */ = {isa = PBXBuildFile; fileRef = F9A2D2FD0CCA7783002F517B /* DTUShortIntArray.h */; };
		F9A2D3150CCA77B3002F517B /* DTLock.h in Headers */ = {isa = PBXBuildFile; fileRef = F9A2D3140CCA77B3002F517B /* DTLock.h */; };
		F9A2D31B0CCA77DF002F517B /* DTUtilities.cpp in Sources */ = {isa = PBXBuildFile; fileRef = F9A2D3190CCA77DF002F517B /* DTUtilities.cpp */; };
		F9A2D31C0CCA77DF002F517B /* DTUtilities.h in Headers */ = {isa = PBXBuildFile; fileRef = F9A2D31A0CCA77DF002F517B /* DTUtilities.h */; };
		F9A2D31F0CCA7803002F517B /* DTArrayTemplates.h in Headers */ = {isa = PBXBuildFile; fileRef = F9A2D31E0CCA7803002F517B /* DTArrayTemplates.h */; };
		F9A2D33A0CCA78F5002F517B /* DTDataFile.h in Headers */ = {isa = PBXBuildFile; fileRef = F9A2D3380CCA78F5002F517B /* DTDataFile.h */; };
		F9A2D33B0CCA78F5002F517B /* DTDataFile.cpp in Sources */ = {isa = PBXBuildFile; fileRef = F9A2D3390CCA78F5002F517B /* DTDataFile.cpp */; };
		F9A2D3440CCA7993002F517B /* DTDataStorage.cpp in Sources */ = {isa = PBXBuildFile; fileRef = F9A2D3420CCA7993002F517B /* DTDataStorage.cpp */; };
		F9A2D3450CCA7993002F517B /* DTDataStorage.h in Headers */ = {isa = PBXBuildFile; fileRef = F9A2D3430CCA7993002F517B /* DTDataStorage.h */; };
		F9A2D34A0CCA79F1002F517B /* DTPointer.h in Headers */ = {isa = PBXBuildFile; fileRef = F9A2D3480CCA79F1002F517B /* DTPointer.h */; };
		F9A2D34B0CCA79F1002F517B /* DTList.h in Headers */ = {isa = PBXBuildFile; fileRef = F9A2D3490CCA79F1002F517B /* DTList.h */; };
		F9A2D34E0CCA7A09002F517B /* DTEndianSwap.h in Headers */ = {isa = PBXBuildFile; fileRef = F9A2D34C0CCA7A09002F517B /* DTEndianSwap.h */; };
		F9A2D34F0CCA7A09002F517B /* DTEndianSwap.cpp in Sources */ = {isa = PBXBuildFile; fileRef = F9A2D34D0CCA7A09002F517B /* DTEndianSwap.cpp */; };
		F9A2D39D0CCBB3B5002F517B /* FVIconCache.h in Headers */ = {isa = PBXBuildFile; fileRef = F9A2D39B0CCBB3B5002F517B /* FVIconCache.h */; };
		F9A2D39E0CCBB3B5002F517B /* FVIconCache.mm in Sources */ = {isa = PBXBuildFile; fileRef = F9A2D39C0CCBB3B5002F517B /* FVIconCache.mm */; };
		F9A2D3B30CCBB7A7002F517B /* libbz2.dylib in Frameworks */ = {isa = PBXBuildFile; fileRef = F9A2D3B20CCBB7A7002F517B /* libbz2.dylib */; };
		F9A2D3DA0CCBDDDF002F517B /* FVBitmapContextCache.h in Headers */ = {isa = PBXBuildFile; fileRef = F9A2D3D80CCBDDDF002F517B /* FVBitmapContextCache.h */; };
		F9A2D3DB0CCBDDDF002F517B /* FVBitmapContextCache.m in Sources */ = {isa = PBXBuildFile; fileRef = F9A2D3D90CCBDDDF002F517B /* FVBitmapContextCache.m */; };
		F9A2D3E80CCBE12B002F517B /* FVImageIcon.h in Headers */ = {isa = PBXBuildFile; fileRef = F9A2D3E60CCBE12B002F517B /* FVImageIcon.h */; };
		F9A2D3E90CCBE12B002F517B /* FVImageIcon.m in Sources */ = {isa = PBXBuildFile; fileRef = F9A2D3E70CCBE12B002F517B /* FVImageIcon.m */; };
		F9A2D3EC0CCBE13F002F517B /* FVFinderIcon.h in Headers */ = {isa = PBXBuildFile; fileRef = F9A2D3EA0CCBE13F002F517B /* FVFinderIcon.h */; };
		F9A2D3ED0CCBE13F002F517B /* FVFinderIcon.m in Sources */ = {isa = PBXBuildFile; fileRef = F9A2D3EB0CCBE13F002F517B /* FVFinderIcon.m */; };
		F9A2D3F00CCBE14E002F517B /* FVPDFIcon.h in Headers */ = {isa = PBXBuildFile; fileRef = F9A2D3EE0CCBE14E002F517B /* FVPDFIcon.h */; };
		F9A2D3F10CCBE14E002F517B /* FVPDFIcon.m in Sources */ = {isa = PBXBuildFile; fileRef = F9A2D3EF0CCBE14E002F517B /* FVPDFIcon.m */; };
		F9A2D3F40CCBE15C002F517B /* FVTextIcon.h in Headers */ = {isa = PBXBuildFile; fileRef = F9A2D3F20CCBE15C002F517B /* FVTextIcon.h */; };
		F9A2D3F50CCBE15C002F517B /* FVTextIcon.m in Sources */ = {isa = PBXBuildFile; fileRef = F9A2D3F30CCBE15C002F517B /* FVTextIcon.m */; };
		F9A2D3FF0CCBE321002F517B /* FVIcon_Private.h in Headers */ = {isa = PBXBuildFile; fileRef = F9A2D3FE0CCBE321002F517B /* FVIcon_Private.h */; };
		F9A2D4280CCBE6BA002F517B /* FVQuickLookIcon.h in Headers */ = {isa = PBXBuildFile; fileRef = F9A2D4270CCBE6BA002F517B /* FVQuickLookIcon.h */; };
		F9E469370CFF6D12003E6C0A /* FileView.strings in Resources */ = {isa = PBXBuildFile; fileRef = F9E469350CFF6D12003E6C0A /* FileView.strings */; };
		F9F04CEF0CE2618200F28ED2 /* FileView-Leopard.bundle in CopyFiles */ = {isa = PBXBuildFile; fileRef = F94692130CA56F4300AC2772 /* FileView-Leopard.bundle */; };
		F9F22DE90CDAD53300A9D449 /* License in Resources */ = {isa = PBXBuildFile; fileRef = F9F22DE80CDAD53300A9D449 /* License */; };
/* End PBXBuildFile section */

/* Begin PBXContainerItemProxy section */
		CE3A673E0D60F24200D20AC7 /* PBXContainerItemProxy */ = {
			isa = PBXContainerItemProxy;
			containerPortal = 0867D690FE84028FC02AAC07 /* Project object */;
			proxyType = 1;
			remoteGlobalIDString = F9F04CE10CE260EB00F28ED2;
			remoteInfo = "Framework + Plugin";
		};
		F9F04CDA0CE260AC00F28ED2 /* PBXContainerItemProxy */ = {
			isa = PBXContainerItemProxy;
			containerPortal = 0867D690FE84028FC02AAC07 /* Project object */;
			proxyType = 1;
			remoteGlobalIDString = 8DC2EF4F0486A6940098B216;
			remoteInfo = FileView;
		};
		F9F04CE40CE260F400F28ED2 /* PBXContainerItemProxy */ = {
			isa = PBXContainerItemProxy;
			containerPortal = 0867D690FE84028FC02AAC07 /* Project object */;
			proxyType = 1;
			remoteGlobalIDString = F94692120CA56F4300AC2772;
			remoteInfo = "FileView-Leopard";
		};
/* End PBXContainerItemProxy section */

/* Begin PBXCopyFilesBuildPhase section */
		F94693FE0CA583A000AC2772 /* CopyFiles */ = {
			isa = PBXCopyFilesBuildPhase;
			buildActionMask = 2147483647;
			dstPath = "";
			dstSubfolderSpec = 10;
			files = (
				F94693FF0CA583A300AC2772 /* FileView.framework in CopyFiles */,
			);
			runOnlyForDeploymentPostprocessing = 0;
		};
		F9F04CE00CE260EB00F28ED2 /* CopyFiles */ = {
			isa = PBXCopyFilesBuildPhase;
			buildActionMask = 2147483647;
			dstPath = FileView.framework/Resources;
			dstSubfolderSpec = 16;
			files = (
				F9F04CEF0CE2618200F28ED2 /* FileView-Leopard.bundle in CopyFiles */,
			);
			runOnlyForDeploymentPostprocessing = 0;
		};
/* End PBXCopyFilesBuildPhase section */

/* Begin PBXFileReference section */
		0867D69BFE84028FC02AAC07 /* Foundation.framework */ = {isa = PBXFileReference; lastKnownFileType = wrapper.framework; name = Foundation.framework; path = /System/Library/Frameworks/Foundation.framework; sourceTree = "<absolute>"; };
		0867D6A5FE840307C02AAC07 /* AppKit.framework */ = {isa = PBXFileReference; lastKnownFileType = wrapper.framework; name = AppKit.framework; path = /System/Library/Frameworks/AppKit.framework; sourceTree = "<absolute>"; };
		089C1667FE841158C02AAC07 /* English */ = {isa = PBXFileReference; fileEncoding = 10; lastKnownFileType = text.plist.strings; name = English; path = English.lproj/InfoPlist.strings; sourceTree = "<group>"; };
		1058C7B1FEA5585E11CA2CBB /* Cocoa.framework */ = {isa = PBXFileReference; lastKnownFileType = wrapper.framework; name = Cocoa.framework; path = /System/Library/Frameworks/Cocoa.framework; sourceTree = "<absolute>"; };
		32DBCF5E0370ADEE00C91783 /* FileView_Prefix.pch */ = {isa = PBXFileReference; fileEncoding = 4; lastKnownFileType = sourcecode.c.h; path = FileView_Prefix.pch; sourceTree = "<group>"; };
		8DC2EF5A0486A6940098B216 /* Info.plist */ = {isa = PBXFileReference; fileEncoding = 4; lastKnownFileType = text.plist.xml; path = Info.plist; sourceTree = "<group>"; };
		8DC2EF5B0486A6940098B216 /* FileView.framework */ = {isa = PBXFileReference; explicitFileType = wrapper.framework; includeInIndex = 0; path = FileView.framework; sourceTree = BUILT_PRODUCTS_DIR; };
		CE05D3240D7AFC830034C2A8 /* FVUtilities.h */ = {isa = PBXFileReference; fileEncoding = 4; lastKnownFileType = sourcecode.c.h; path = FVUtilities.h; sourceTree = "<group>"; };
		CE05D3250D7AFC830034C2A8 /* FVUtilities.m */ = {isa = PBXFileReference; fileEncoding = 4; lastKnownFileType = sourcecode.c.objc; path = FVUtilities.m; sourceTree = "<group>"; };
		CE05D3A70D7B21A70034C2A8 /* English */ = {isa = PBXFileReference; lastKnownFileType = wrapper.nib; name = English; path = English.lproj/FVColorMenuView.nib; sourceTree = "<group>"; };
		CE05D3AE0D7B21EF0034C2A8 /* French */ = {isa = PBXFileReference; lastKnownFileType = wrapper.nib; name = French; path = French.lproj/FVColorMenuView.nib; sourceTree = "<group>"; };
		CE05D3AF0D7B22170034C2A8 /* FVColorMenuView.h */ = {isa = PBXFileReference; fileEncoding = 4; lastKnownFileType = sourcecode.c.h; path = FVColorMenuView.h; sourceTree = "<group>"; };
		CE05D3B00D7B22170034C2A8 /* FVColorMenuView.m */ = {isa = PBXFileReference; fileEncoding = 4; lastKnownFileType = sourcecode.c.objc; path = FVColorMenuView.m; sourceTree = "<group>"; };
		CE05D3C40D7B272A0034C2A8 /* FVDownload.h */ = {isa = PBXFileReference; fileEncoding = 4; lastKnownFileType = sourcecode.c.h; path = FVDownload.h; sourceTree = "<group>"; };
		CE05D3C50D7B272A0034C2A8 /* FVDownload.m */ = {isa = PBXFileReference; fileEncoding = 4; lastKnownFileType = sourcecode.c.objc; path = FVDownload.m; sourceTree = "<group>"; };
		CE05D3CE0D7B27FC0034C2A8 /* FVProgressIndicatorCell.h */ = {isa = PBXFileReference; fileEncoding = 4; lastKnownFileType = sourcecode.c.h; path = FVProgressIndicatorCell.h; sourceTree = "<group>"; };
		CE05D3CF0D7B27FC0034C2A8 /* FVProgressIndicatorCell.m */ = {isa = PBXFileReference; fileEncoding = 4; lastKnownFileType = sourcecode.c.objc; path = FVProgressIndicatorCell.m; sourceTree = "<group>"; };
		CE05D4380D7B31A80034C2A8 /* FVCGImageHeader.cpp */ = {isa = PBXFileReference; fileEncoding = 4; lastKnownFileType = sourcecode.cpp.cpp; path = FVCGImageHeader.cpp; sourceTree = "<group>"; };
		CE05D4390D7B31A80034C2A8 /* FVCGImageHeader.h */ = {isa = PBXFileReference; fileEncoding = 4; lastKnownFileType = sourcecode.c.h; path = FVCGImageHeader.h; sourceTree = "<group>"; };
		CE05D4690D7B36DD0034C2A8 /* FVIcon_Private.m */ = {isa = PBXFileReference; fileEncoding = 4; lastKnownFileType = sourcecode.c.objc; path = FVIcon_Private.m; sourceTree = "<group>"; };
		CE05D46A0D7B36DD0034C2A8 /* FVMIMEIcon.h */ = {isa = PBXFileReference; fileEncoding = 4; lastKnownFileType = sourcecode.c.h; path = FVMIMEIcon.h; sourceTree = "<group>"; };
		CE05D46B0D7B36DD0034C2A8 /* FVMIMEIcon.m */ = {isa = PBXFileReference; fileEncoding = 4; lastKnownFileType = sourcecode.c.objc; path = FVMIMEIcon.m; sourceTree = "<group>"; };
		CE05D46C0D7B36DD0034C2A8 /* FVMovieIcon.h */ = {isa = PBXFileReference; fileEncoding = 4; lastKnownFileType = sourcecode.c.h; path = FVMovieIcon.h; sourceTree = "<group>"; };
		CE05D46D0D7B36DD0034C2A8 /* FVMovieIcon.m */ = {isa = PBXFileReference; fileEncoding = 4; lastKnownFileType = sourcecode.c.objc; path = FVMovieIcon.m; sourceTree = "<group>"; };
		CE05D46E0D7B36DD0034C2A8 /* FVPlaceholderImage.h */ = {isa = PBXFileReference; fileEncoding = 4; lastKnownFileType = sourcecode.c.h; path = FVPlaceholderImage.h; sourceTree = "<group>"; };
		CE05D46F0D7B36DD0034C2A8 /* FVPlaceholderImage.m */ = {isa = PBXFileReference; fileEncoding = 4; lastKnownFileType = sourcecode.c.objc; path = FVPlaceholderImage.m; sourceTree = "<group>"; };
		CE05D5A00D7C10FD0034C2A8 /* FVSlider.h */ = {isa = PBXFileReference; fileEncoding = 4; lastKnownFileType = sourcecode.c.h; path = FVSlider.h; sourceTree = "<group>"; };
		CE05D5A10D7C10FD0034C2A8 /* FVSlider.m */ = {isa = PBXFileReference; fileEncoding = 4; lastKnownFileType = sourcecode.c.objc; path = FVSlider.m; sourceTree = "<group>"; };
		CE05D5CE0D7C223E0034C2A8 /* FVMainThreadOperationQueue.h */ = {isa = PBXFileReference; fileEncoding = 4; lastKnownFileType = sourcecode.c.h; path = FVMainThreadOperationQueue.h; sourceTree = "<group>"; };
		CE05D5CF0D7C223E0034C2A8 /* FVMainThreadOperationQueue.m */ = {isa = PBXFileReference; fileEncoding = 4; lastKnownFileType = sourcecode.c.objc; path = FVMainThreadOperationQueue.m; sourceTree = "<group>"; };
		CE05D5D00D7C223E0034C2A8 /* FVOperationQueue.h */ = {isa = PBXFileReference; fileEncoding = 4; lastKnownFileType = sourcecode.c.h; path = FVOperationQueue.h; sourceTree = "<group>"; };
		CE05D5D10D7C223E0034C2A8 /* FVOperationQueue.m */ = {isa = PBXFileReference; fileEncoding = 4; lastKnownFileType = sourcecode.c.objc; path = FVOperationQueue.m; sourceTree = "<group>"; };
		CE05D5D20D7C223E0034C2A8 /* FVPriorityQueue.h */ = {isa = PBXFileReference; fileEncoding = 4; lastKnownFileType = sourcecode.c.h; path = FVPriorityQueue.h; sourceTree = "<group>"; };
		CE05D5D30D7C223E0034C2A8 /* FVPriorityQueue.mm */ = {isa = PBXFileReference; fileEncoding = 4; lastKnownFileType = sourcecode.cpp.objcpp; path = FVPriorityQueue.mm; sourceTree = "<group>"; };
		CE05D5D40D7C223E0034C2A8 /* FVConcreteOperationQueue.h */ = {isa = PBXFileReference; fileEncoding = 4; lastKnownFileType = sourcecode.c.h; path = FVConcreteOperationQueue.h; sourceTree = "<group>"; };
		CE05D5D50D7C223E0034C2A8 /* FVConcreteOperationQueue.m */ = {isa = PBXFileReference; fileEncoding = 4; lastKnownFileType = sourcecode.c.objc; path = FVConcreteOperationQueue.m; sourceTree = "<group>"; };
		CE05D5E20D7C22550034C2A8 /* FVConcreteOperation.h */ = {isa = PBXFileReference; fileEncoding = 4; lastKnownFileType = sourcecode.c.h; path = FVConcreteOperation.h; sourceTree = "<group>"; };
		CE05D5E30D7C22550034C2A8 /* FVConcreteOperation.m */ = {isa = PBXFileReference; fileEncoding = 4; lastKnownFileType = sourcecode.c.objc; path = FVConcreteOperation.m; sourceTree = "<group>"; };
		CE05D5E40D7C22550034C2A8 /* FVIconOperation.h */ = {isa = PBXFileReference; fileEncoding = 4; lastKnownFileType = sourcecode.c.h; path = FVIconOperation.h; sourceTree = "<group>"; };
		CE05D5E50D7C22550034C2A8 /* FVIconOperation.m */ = {isa = PBXFileReference; fileEncoding = 4; lastKnownFileType = sourcecode.c.objc; path = FVIconOperation.m; sourceTree = "<group>"; };
		CE05D5E60D7C22550034C2A8 /* FVInvocationOperation.h */ = {isa = PBXFileReference; fileEncoding = 4; lastKnownFileType = sourcecode.c.h; path = FVInvocationOperation.h; sourceTree = "<group>"; };
		CE05D5E70D7C22550034C2A8 /* FVInvocationOperation.m */ = {isa = PBXFileReference; fileEncoding = 4; lastKnownFileType = sourcecode.c.objc; path = FVInvocationOperation.m; sourceTree = "<group>"; };
		CE05D5E80D7C22550034C2A8 /* FVOperation.h */ = {isa = PBXFileReference; fileEncoding = 4; lastKnownFileType = sourcecode.c.h; path = FVOperation.h; sourceTree = "<group>"; };
		CE05D5E90D7C22550034C2A8 /* FVOperation.m */ = {isa = PBXFileReference; fileEncoding = 4; lastKnownFileType = sourcecode.c.objc; path = FVOperation.m; sourceTree = "<group>"; };
		CEA831120DC1FAB500B551D1 /* FVAccessibilityIconElement.h */ = {isa = PBXFileReference; fileEncoding = 4; lastKnownFileType = sourcecode.c.h; path = FVAccessibilityIconElement.h; sourceTree = "<group>"; };
		CEA831130DC1FAB500B551D1 /* FVAccessibilityIconElement.m */ = {isa = PBXFileReference; fileEncoding = 4; lastKnownFileType = sourcecode.c.objc; path = FVAccessibilityIconElement.m; sourceTree = "<group>"; };
		CEFC19B00F693E8B00B2AEE6 /* FileView.h */ = {isa = PBXFileReference; fileEncoding = 4; lastKnownFileType = sourcecode.c.h; path = FileView.h; sourceTree = "<group>"; };
		F92C7BAA0D280626004409D8 /* FVWebViewIcon.h */ = {isa = PBXFileReference; fileEncoding = 4; lastKnownFileType = sourcecode.c.h; path = FVWebViewIcon.h; sourceTree = "<group>"; };
		F92C7BAB0D280626004409D8 /* FVWebViewIcon.m */ = {isa = PBXFileReference; fileEncoding = 4; lastKnownFileType = sourcecode.c.objc; path = FVWebViewIcon.m; sourceTree = "<group>"; };
		F92C7C4E0D282503004409D8 /* SystemConfiguration.framework */ = {isa = PBXFileReference; lastKnownFileType = wrapper.framework; name = SystemConfiguration.framework; path = /System/Library/Frameworks/SystemConfiguration.framework; sourceTree = "<absolute>"; };
		F93C351E0D35D214006EB558 /* French */ = {isa = PBXFileReference; fileEncoding = 10; lastKnownFileType = text.plist.strings; name = French; path = French.lproj/FileView.strings; sourceTree = "<group>"; };
		F93C351F0D35D221006EB558 /* French */ = {isa = PBXFileReference; fileEncoding = 10; lastKnownFileType = text.plist.strings; name = French; path = French.lproj/InfoPlist.strings; sourceTree = "<group>"; };
		F93C35200D35D23E006EB558 /* French */ = {isa = PBXFileReference; lastKnownFileType = wrapper.nib; name = French; path = French.lproj/FVPreviewer.nib; sourceTree = "<group>"; };
		F93C3AE90D39473C006EB558 /* FVFinderLabel.h */ = {isa = PBXFileReference; fileEncoding = 4; lastKnownFileType = sourcecode.c.h; path = FVFinderLabel.h; sourceTree = "<group>"; };
		F93C3AEA0D39473C006EB558 /* FVFinderLabel.m */ = {isa = PBXFileReference; fileEncoding = 4; lastKnownFileType = sourcecode.c.objc; path = FVFinderLabel.m; sourceTree = "<group>"; };
		F94691F70CA56EC500AC2772 /* FVFileView.h */ = {isa = PBXFileReference; fileEncoding = 4; lastKnownFileType = sourcecode.c.h; path = FVFileView.h; sourceTree = "<group>"; };
		F94691F80CA56EC500AC2772 /* FVFileView.m */ = {isa = PBXFileReference; fileEncoding = 4; lastKnownFileType = sourcecode.c.objc; path = FVFileView.m; sourceTree = "<group>"; };
		F94691F90CA56EC500AC2772 /* FVArrowButtonCell.h */ = {isa = PBXFileReference; fileEncoding = 4; lastKnownFileType = sourcecode.c.h; path = FVArrowButtonCell.h; sourceTree = "<group>"; };
		F94691FA0CA56EC500AC2772 /* FVArrowButtonCell.m */ = {isa = PBXFileReference; fileEncoding = 4; lastKnownFileType = sourcecode.c.objc; path = FVArrowButtonCell.m; sourceTree = "<group>"; };
		F94691FB0CA56EC500AC2772 /* FVIcon.h */ = {isa = PBXFileReference; fileEncoding = 4; lastKnownFileType = sourcecode.c.h; path = FVIcon.h; sourceTree = "<group>"; };
		F94691FC0CA56EC500AC2772 /* FVIcon.m */ = {isa = PBXFileReference; fileEncoding = 4; lastKnownFileType = sourcecode.c.objc; path = FVIcon.m; sourceTree = "<group>"; };
		F94691FF0CA56EC500AC2772 /* FVPreviewer.h */ = {isa = PBXFileReference; fileEncoding = 4; lastKnownFileType = sourcecode.c.h; path = FVPreviewer.h; sourceTree = "<group>"; };
		F94692000CA56EC500AC2772 /* FVPreviewer.m */ = {isa = PBXFileReference; fileEncoding = 4; lastKnownFileType = sourcecode.c.objc; path = FVPreviewer.m; sourceTree = "<group>"; };
		F94692010CA56EC500AC2772 /* English */ = {isa = PBXFileReference; lastKnownFileType = wrapper.nib; name = English; path = English.lproj/FVPreviewer.nib; sourceTree = "<group>"; };
		F94692130CA56F4300AC2772 /* FileView-Leopard.bundle */ = {isa = PBXFileReference; explicitFileType = wrapper.cfbundle; includeInIndex = 0; path = "FileView-Leopard.bundle"; sourceTree = BUILT_PRODUCTS_DIR; };
		F94692140CA56F4300AC2772 /* FileView-Leopard-Info.plist */ = {isa = PBXFileReference; lastKnownFileType = text.plist.xml; path = "FileView-Leopard-Info.plist"; sourceTree = "<group>"; };
		F946921C0CA5700800AC2772 /* FVQuickLookIcon.m */ = {isa = PBXFileReference; fileEncoding = 4; lastKnownFileType = sourcecode.c.objc; path = FVQuickLookIcon.m; sourceTree = "<group>"; };
		F946922D0CA5710500AC2772 /* QTKit.framework */ = {isa = PBXFileReference; lastKnownFileType = wrapper.framework; name = QTKit.framework; path = /System/Library/Frameworks/QTKit.framework; sourceTree = "<absolute>"; };
		F946922E0CA5710500AC2772 /* Quartz.framework */ = {isa = PBXFileReference; lastKnownFileType = wrapper.framework; name = Quartz.framework; path = /System/Library/Frameworks/Quartz.framework; sourceTree = "<absolute>"; };
		F946922F0CA5710500AC2772 /* QuickLook.framework */ = {isa = PBXFileReference; lastKnownFileType = wrapper.framework; name = QuickLook.framework; path = /System/Library/Frameworks/QuickLook.framework; sourceTree = "<absolute>"; };
		F94692300CA5710500AC2772 /* WebKit.framework */ = {isa = PBXFileReference; lastKnownFileType = wrapper.framework; name = WebKit.framework; path = /System/Library/Frameworks/WebKit.framework; sourceTree = "<absolute>"; };
		F94692510CA575F000AC2772 /* FileView Program.app */ = {isa = PBXFileReference; explicitFileType = wrapper.application; includeInIndex = 0; path = "FileView Program.app"; sourceTree = BUILT_PRODUCTS_DIR; };
		F946927C0CA5777300AC2772 /* Controller.h */ = {isa = PBXFileReference; fileEncoding = 4; lastKnownFileType = sourcecode.c.h; path = Controller.h; sourceTree = "<group>"; };
		F946927D0CA5777300AC2772 /* Controller.m */ = {isa = PBXFileReference; fileEncoding = 4; lastKnownFileType = sourcecode.c.objc; path = Controller.m; sourceTree = "<group>"; };
		F946927F0CA5777300AC2772 /* English */ = {isa = PBXFileReference; fileEncoding = 10; lastKnownFileType = text.plist.strings; name = English; path = English.lproj/InfoPlist.strings; sourceTree = "<group>"; };
		F94692810CA5777300AC2772 /* English */ = {isa = PBXFileReference; lastKnownFileType = wrapper.nib; name = English; path = English.lproj/MainMenu.nib; sourceTree = "<group>"; };
		F94692820CA5777300AC2772 /* FileView Program-Info.plist */ = {isa = PBXFileReference; fileEncoding = 4; lastKnownFileType = text.plist.xml; path = "FileView Program-Info.plist"; sourceTree = "<group>"; };
		F946928E0CA5784700AC2772 /* main.m */ = {isa = PBXFileReference; fileEncoding = 4; lastKnownFileType = sourcecode.c.objc; path = main.m; sourceTree = "<group>"; };
		F946944E0CA59AF100AC2772 /* FVScaledImageView.h */ = {isa = PBXFileReference; fileEncoding = 4; lastKnownFileType = sourcecode.c.h; path = FVScaledImageView.h; sourceTree = "<group>"; };
		F946944F0CA59AF100AC2772 /* FVScaledImageView.m */ = {isa = PBXFileReference; fileEncoding = 4; lastKnownFileType = sourcecode.c.objc; path = FVScaledImageView.m; sourceTree = "<group>"; };
		F980F0920CCC3C2E0067C1DF /* libz.dylib */ = {isa = PBXFileReference; lastKnownFileType = "compiled.mach-o.dylib"; name = libz.dylib; path = /usr/lib/libz.dylib; sourceTree = "<absolute>"; };
		F9A2D2E00CCA76B6002F517B /* DTFile.cpp */ = {isa = PBXFileReference; fileEncoding = 4; lastKnownFileType = sourcecode.cpp.cpp; path = DTFile.cpp; sourceTree = "<group>"; };
		F9A2D2E10CCA76B6002F517B /* DTFile.h */ = {isa = PBXFileReference; fileEncoding = 4; lastKnownFileType = sourcecode.c.h; path = DTFile.h; sourceTree = "<group>"; };
		F9A2D2E90CCA772A002F517B /* DTError.h */ = {isa = PBXFileReference; fileEncoding = 4; lastKnownFileType = sourcecode.c.h; path = DTError.h; sourceTree = "<group>"; };
		F9A2D2EA0CCA772A002F517B /* DTError.cpp */ = {isa = PBXFileReference; fileEncoding = 4; lastKnownFileType = sourcecode.cpp.cpp; path = DTError.cpp; sourceTree = "<group>"; };
		F9A2D2ED0CCA7783002F517B /* DTArray.h */ = {isa = PBXFileReference; fileEncoding = 4; lastKnownFileType = sourcecode.c.h; path = DTArray.h; sourceTree = "<group>"; };
		F9A2D2EE0CCA7783002F517B /* DTArrayConversion.cpp */ = {isa = PBXFileReference; fileEncoding = 4; lastKnownFileType = sourcecode.cpp.cpp; path = DTArrayConversion.cpp; sourceTree = "<group>"; };
		F9A2D2EF0CCA7783002F517B /* DTArrayConversion.h */ = {isa = PBXFileReference; fileEncoding = 4; lastKnownFileType = sourcecode.c.h; path = DTArrayConversion.h; sourceTree = "<group>"; };
		F9A2D2F00CCA7783002F517B /* DTCharArray.cpp */ = {isa = PBXFileReference; fileEncoding = 4; lastKnownFileType = sourcecode.cpp.cpp; path = DTCharArray.cpp; sourceTree = "<group>"; };
		F9A2D2F10CCA7783002F517B /* DTCharArray.h */ = {isa = PBXFileReference; fileEncoding = 4; lastKnownFileType = sourcecode.c.h; path = DTCharArray.h; sourceTree = "<group>"; };
		F9A2D2F20CCA7783002F517B /* DTDoubleArray.cpp */ = {isa = PBXFileReference; fileEncoding = 4; lastKnownFileType = sourcecode.cpp.cpp; path = DTDoubleArray.cpp; sourceTree = "<group>"; };
		F9A2D2F30CCA7783002F517B /* DTDoubleArray.h */ = {isa = PBXFileReference; fileEncoding = 4; lastKnownFileType = sourcecode.c.h; path = DTDoubleArray.h; sourceTree = "<group>"; };
		F9A2D2F40CCA7783002F517B /* DTFloatArray.cpp */ = {isa = PBXFileReference; fileEncoding = 4; lastKnownFileType = sourcecode.cpp.cpp; path = DTFloatArray.cpp; sourceTree = "<group>"; };
		F9A2D2F50CCA7783002F517B /* DTFloatArray.h */ = {isa = PBXFileReference; fileEncoding = 4; lastKnownFileType = sourcecode.c.h; path = DTFloatArray.h; sourceTree = "<group>"; };
		F9A2D2F60CCA7783002F517B /* DTIntArray.h */ = {isa = PBXFileReference; fileEncoding = 4; lastKnownFileType = sourcecode.c.h; path = DTIntArray.h; sourceTree = "<group>"; };
		F9A2D2F70CCA7783002F517B /* DTIntArray.cpp */ = {isa = PBXFileReference; fileEncoding = 4; lastKnownFileType = sourcecode.cpp.cpp; path = DTIntArray.cpp; sourceTree = "<group>"; };
		F9A2D2F80CCA7783002F517B /* DTShortIntArray.cpp */ = {isa = PBXFileReference; fileEncoding = 4; lastKnownFileType = sourcecode.cpp.cpp; path = DTShortIntArray.cpp; sourceTree = "<group>"; };
		F9A2D2F90CCA7783002F517B /* DTShortIntArray.h */ = {isa = PBXFileReference; fileEncoding = 4; lastKnownFileType = sourcecode.c.h; path = DTShortIntArray.h; sourceTree = "<group>"; };
		F9A2D2FA0CCA7783002F517B /* DTUCharArray.cpp */ = {isa = PBXFileReference; fileEncoding = 4; lastKnownFileType = sourcecode.cpp.cpp; path = DTUCharArray.cpp; sourceTree = "<group>"; };
		F9A2D2FB0CCA7783002F517B /* DTUCharArray.h */ = {isa = PBXFileReference; fileEncoding = 4; lastKnownFileType = sourcecode.c.h; path = DTUCharArray.h; sourceTree = "<group>"; };
		F9A2D2FC0CCA7783002F517B /* DTUShortIntArray.cpp */ = {isa = PBXFileReference; fileEncoding = 4; lastKnownFileType = sourcecode.cpp.cpp; path = DTUShortIntArray.cpp; sourceTree = "<group>"; };
		F9A2D2FD0CCA7783002F517B /* DTUShortIntArray.h */ = {isa = PBXFileReference; fileEncoding = 4; lastKnownFileType = sourcecode.c.h; path = DTUShortIntArray.h; sourceTree = "<group>"; };
		F9A2D3140CCA77B3002F517B /* DTLock.h */ = {isa = PBXFileReference; fileEncoding = 4; lastKnownFileType = sourcecode.c.h; path = DTLock.h; sourceTree = "<group>"; };
		F9A2D3190CCA77DF002F517B /* DTUtilities.cpp */ = {isa = PBXFileReference; fileEncoding = 4; lastKnownFileType = sourcecode.cpp.cpp; path = DTUtilities.cpp; sourceTree = "<group>"; };
		F9A2D31A0CCA77DF002F517B /* DTUtilities.h */ = {isa = PBXFileReference; fileEncoding = 4; lastKnownFileType = sourcecode.c.h; path = DTUtilities.h; sourceTree = "<group>"; };
		F9A2D31E0CCA7803002F517B /* DTArrayTemplates.h */ = {isa = PBXFileReference; fileEncoding = 4; lastKnownFileType = sourcecode.c.h; path = DTArrayTemplates.h; sourceTree = "<group>"; };
		F9A2D3380CCA78F5002F517B /* DTDataFile.h */ = {isa = PBXFileReference; fileEncoding = 4; lastKnownFileType = sourcecode.c.h; path = DTDataFile.h; sourceTree = "<group>"; };
		F9A2D3390CCA78F5002F517B /* DTDataFile.cpp */ = {isa = PBXFileReference; fileEncoding = 4; lastKnownFileType = sourcecode.cpp.cpp; path = DTDataFile.cpp; sourceTree = "<group>"; };
		F9A2D3420CCA7993002F517B /* DTDataStorage.cpp */ = {isa = PBXFileReference; fileEncoding = 4; lastKnownFileType = sourcecode.cpp.cpp; path = DTDataStorage.cpp; sourceTree = "<group>"; };
		F9A2D3430CCA7993002F517B /* DTDataStorage.h */ = {isa = PBXFileReference; fileEncoding = 4; lastKnownFileType = sourcecode.c.h; path = DTDataStorage.h; sourceTree = "<group>"; };
		F9A2D3480CCA79F1002F517B /* DTPointer.h */ = {isa = PBXFileReference; fileEncoding = 4; lastKnownFileType = sourcecode.c.h; path = DTPointer.h; sourceTree = "<group>"; };
		F9A2D3490CCA79F1002F517B /* DTList.h */ = {isa = PBXFileReference; fileEncoding = 4; lastKnownFileType = sourcecode.c.h; path = DTList.h; sourceTree = "<group>"; };
		F9A2D34C0CCA7A09002F517B /* DTEndianSwap.h */ = {isa = PBXFileReference; fileEncoding = 4; lastKnownFileType = sourcecode.c.h; path = DTEndianSwap.h; sourceTree = "<group>"; };
		F9A2D34D0CCA7A09002F517B /* DTEndianSwap.cpp */ = {isa = PBXFileReference; fileEncoding = 4; lastKnownFileType = sourcecode.cpp.cpp; path = DTEndianSwap.cpp; sourceTree = "<group>"; };
		F9A2D39B0CCBB3B5002F517B /* FVIconCache.h */ = {isa = PBXFileReference; fileEncoding = 4; lastKnownFileType = sourcecode.c.h; path = FVIconCache.h; sourceTree = "<group>"; };
		F9A2D39C0CCBB3B5002F517B /* FVIconCache.mm */ = {isa = PBXFileReference; fileEncoding = 4; lastKnownFileType = sourcecode.cpp.objcpp; path = FVIconCache.mm; sourceTree = "<group>"; };
		F9A2D3B20CCBB7A7002F517B /* libbz2.dylib */ = {isa = PBXFileReference; lastKnownFileType = "compiled.mach-o.dylib"; name = libbz2.dylib; path = /usr/lib/libbz2.dylib; sourceTree = "<absolute>"; };
		F9A2D3D80CCBDDDF002F517B /* FVBitmapContextCache.h */ = {isa = PBXFileReference; fileEncoding = 4; lastKnownFileType = sourcecode.c.h; path = FVBitmapContextCache.h; sourceTree = "<group>"; };
		F9A2D3D90CCBDDDF002F517B /* FVBitmapContextCache.m */ = {isa = PBXFileReference; fileEncoding = 4; lastKnownFileType = sourcecode.c.objc; path = FVBitmapContextCache.m; sourceTree = "<group>"; };
		F9A2D3E60CCBE12B002F517B /* FVImageIcon.h */ = {isa = PBXFileReference; fileEncoding = 4; lastKnownFileType = sourcecode.c.h; path = FVImageIcon.h; sourceTree = "<group>"; };
		F9A2D3E70CCBE12B002F517B /* FVImageIcon.m */ = {isa = PBXFileReference; fileEncoding = 4; lastKnownFileType = sourcecode.c.objc; path = FVImageIcon.m; sourceTree = "<group>"; };
		F9A2D3EA0CCBE13F002F517B /* FVFinderIcon.h */ = {isa = PBXFileReference; fileEncoding = 4; lastKnownFileType = sourcecode.c.h; path = FVFinderIcon.h; sourceTree = "<group>"; };
		F9A2D3EB0CCBE13F002F517B /* FVFinderIcon.m */ = {isa = PBXFileReference; fileEncoding = 4; lastKnownFileType = sourcecode.c.objc; path = FVFinderIcon.m; sourceTree = "<group>"; };
		F9A2D3EE0CCBE14E002F517B /* FVPDFIcon.h */ = {isa = PBXFileReference; fileEncoding = 4; lastKnownFileType = sourcecode.c.h; path = FVPDFIcon.h; sourceTree = "<group>"; };
		F9A2D3EF0CCBE14E002F517B /* FVPDFIcon.m */ = {isa = PBXFileReference; fileEncoding = 4; lastKnownFileType = sourcecode.c.objc; path = FVPDFIcon.m; sourceTree = "<group>"; };
		F9A2D3F20CCBE15C002F517B /* FVTextIcon.h */ = {isa = PBXFileReference; fileEncoding = 4; lastKnownFileType = sourcecode.c.h; path = FVTextIcon.h; sourceTree = "<group>"; };
		F9A2D3F30CCBE15C002F517B /* FVTextIcon.m */ = {isa = PBXFileReference; fileEncoding = 4; lastKnownFileType = sourcecode.c.objc; path = FVTextIcon.m; sourceTree = "<group>"; };
		F9A2D3FE0CCBE321002F517B /* FVIcon_Private.h */ = {isa = PBXFileReference; fileEncoding = 4; lastKnownFileType = sourcecode.c.h; path = FVIcon_Private.h; sourceTree = "<group>"; };
		F9A2D4270CCBE6BA002F517B /* FVQuickLookIcon.h */ = {isa = PBXFileReference; fileEncoding = 4; lastKnownFileType = sourcecode.c.h; path = FVQuickLookIcon.h; sourceTree = "<group>"; };
		F9E469360CFF6D12003E6C0A /* English */ = {isa = PBXFileReference; fileEncoding = 10; lastKnownFileType = text.plist.strings; name = English; path = English.lproj/FileView.strings; sourceTree = "<group>"; };
		F9F22DE80CDAD53300A9D449 /* License */ = {isa = PBXFileReference; fileEncoding = 4; lastKnownFileType = text; path = License; sourceTree = "<group>"; };
		F9F22E180CDAD9B900A9D449 /* Notes */ = {isa = PBXFileReference; fileEncoding = 4; lastKnownFileType = text; path = Notes; sourceTree = "<group>"; };
/* End PBXFileReference section */

/* Begin PBXFrameworksBuildPhase section */
		8DC2EF560486A6940098B216 /* Frameworks */ = {
			isa = PBXFrameworksBuildPhase;
			buildActionMask = 2147483647;
			files = (
				F92C7C500D28250F004409D8 /* SystemConfiguration.framework in Frameworks */,
				F9A2D3B30CCBB7A7002F517B /* libbz2.dylib in Frameworks */,
				8DC2EF570486A6940098B216 /* Cocoa.framework in Frameworks */,
				F94692310CA5710500AC2772 /* QTKit.framework in Frameworks */,
				F94692320CA5710500AC2772 /* Quartz.framework in Frameworks */,
				F94692340CA5710500AC2772 /* WebKit.framework in Frameworks */,
				F980F0930CCC3C2E0067C1DF /* libz.dylib in Frameworks */,
			);
			runOnlyForDeploymentPostprocessing = 0;
		};
		F94692110CA56F4300AC2772 /* Frameworks */ = {
			isa = PBXFrameworksBuildPhase;
			buildActionMask = 2147483647;
			files = (
				F94692370CA5712800AC2772 /* QuickLook.framework in Frameworks */,
				F946921E0CA5701F00AC2772 /* FileView.framework in Frameworks */,
			);
			runOnlyForDeploymentPostprocessing = 0;
		};
		F946924F0CA575F000AC2772 /* Frameworks */ = {
			isa = PBXFrameworksBuildPhase;
			buildActionMask = 2147483647;
			files = (
				F946926E0CA5769100AC2772 /* Cocoa.framework in Frameworks */,
				F946926A0CA5767700AC2772 /* FileView.framework in Frameworks */,
				F92C7C4F0D282503004409D8 /* SystemConfiguration.framework in Frameworks */,
			);
			runOnlyForDeploymentPostprocessing = 0;
		};
/* End PBXFrameworksBuildPhase section */

/* Begin PBXGroup section */
		034768DFFF38A50411DB9C8B /* Products */ = {
			isa = PBXGroup;
			children = (
				8DC2EF5B0486A6940098B216 /* FileView.framework */,
				F94692130CA56F4300AC2772 /* FileView-Leopard.bundle */,
				F94692510CA575F000AC2772 /* FileView Program.app */,
			);
			name = Products;
			sourceTree = "<group>";
		};
		0867D691FE84028FC02AAC07 /* FileView */ = {
			isa = PBXGroup;
			children = (
				F9F22DE80CDAD53300A9D449 /* License */,
				F9F22E180CDAD9B900A9D449 /* Notes */,
				F9A2D2D90CCA7670002F517B /* DTSource */,
				08FB77AEFE84172EC02AAC07 /* Classes */,
				32C88DFF0371C24200C91783 /* Other Sources */,
				089C1665FE841158C02AAC07 /* Resources */,
				0867D69AFE84028FC02AAC07 /* External Frameworks and Libraries */,
				034768DFFF38A50411DB9C8B /* Products */,
				F946927B0CA5777300AC2772 /* FileView Program */,
				F94692140CA56F4300AC2772 /* FileView-Leopard-Info.plist */,
			);
			name = FileView;
			sourceTree = "<group>";
		};
		0867D69AFE84028FC02AAC07 /* External Frameworks and Libraries */ = {
			isa = PBXGroup;
			children = (
				F92C7C4E0D282503004409D8 /* SystemConfiguration.framework */,
				F980F0920CCC3C2E0067C1DF /* libz.dylib */,
				F9A2D3B20CCBB7A7002F517B /* libbz2.dylib */,
				F946922D0CA5710500AC2772 /* QTKit.framework */,
				F946922E0CA5710500AC2772 /* Quartz.framework */,
				F946922F0CA5710500AC2772 /* QuickLook.framework */,
				F94692300CA5710500AC2772 /* WebKit.framework */,
				1058C7B0FEA5585E11CA2CBB /* Linked Frameworks */,
				1058C7B2FEA5585E11CA2CBB /* Other Frameworks */,
			);
			name = "External Frameworks and Libraries";
			sourceTree = "<group>";
		};
		089C1665FE841158C02AAC07 /* Resources */ = {
			isa = PBXGroup;
			children = (
				F9E469350CFF6D12003E6C0A /* FileView.strings */,
				CE05D3AC0D7B21DC0034C2A8 /* FVColorMenuView.nib */,
				F94692A50CA5793B00AC2772 /* FVPreviewer.nib */,
				8DC2EF5A0486A6940098B216 /* Info.plist */,
				089C1666FE841158C02AAC07 /* InfoPlist.strings */,
			);
			name = Resources;
			sourceTree = "<group>";
		};
		08FB77AEFE84172EC02AAC07 /* Classes */ = {
			isa = PBXGroup;
			children = (
				CE05D4840D7B37A80034C2A8 /* Icons */,
				CE05D48A0D7B388C0034C2A8 /* Views */,
				CE05D5CC0D7C21E30034C2A8 /* Queueing */,
				CE05D5CD0D7C22070034C2A8 /* Operations */,
				CE05D48B0D7B38B20034C2A8 /* Caching */,
				CEA831120DC1FAB500B551D1 /* FVAccessibilityIconElement.h */,
				CEA831130DC1FAB500B551D1 /* FVAccessibilityIconElement.m */,
				CE05D3C40D7B272A0034C2A8 /* FVDownload.h */,
				CE05D3C50D7B272A0034C2A8 /* FVDownload.m */,
				F93C3AE90D39473C006EB558 /* FVFinderLabel.h */,
				F93C3AEA0D39473C006EB558 /* FVFinderLabel.m */,
				CE05D3240D7AFC830034C2A8 /* FVUtilities.h */,
				CE05D3250D7AFC830034C2A8 /* FVUtilities.m */,
				CEFC19B00F693E8B00B2AEE6 /* FileView.h */,
			);
			name = Classes;
			sourceTree = "<group>";
		};
		1058C7B0FEA5585E11CA2CBB /* Linked Frameworks */ = {
			isa = PBXGroup;
			children = (
				1058C7B1FEA5585E11CA2CBB /* Cocoa.framework */,
			);
			name = "Linked Frameworks";
			sourceTree = "<group>";
		};
		1058C7B2FEA5585E11CA2CBB /* Other Frameworks */ = {
			isa = PBXGroup;
			children = (
				0867D6A5FE840307C02AAC07 /* AppKit.framework */,
				0867D69BFE84028FC02AAC07 /* Foundation.framework */,
			);
			name = "Other Frameworks";
			sourceTree = "<group>";
		};
		32C88DFF0371C24200C91783 /* Other Sources */ = {
			isa = PBXGroup;
			children = (
				32DBCF5E0370ADEE00C91783 /* FileView_Prefix.pch */,
			);
			name = "Other Sources";
			sourceTree = "<group>";
		};
		CE05D4840D7B37A80034C2A8 /* Icons */ = {
			isa = PBXGroup;
			children = (
				F9A2D3EA0CCBE13F002F517B /* FVFinderIcon.h */,
				F9A2D3EB0CCBE13F002F517B /* FVFinderIcon.m */,
				F94691FB0CA56EC500AC2772 /* FVIcon.h */,
				F94691FC0CA56EC500AC2772 /* FVIcon.m */,
				F9A2D3FE0CCBE321002F517B /* FVIcon_Private.h */,
				CE05D4690D7B36DD0034C2A8 /* FVIcon_Private.m */,
				F9A2D3E60CCBE12B002F517B /* FVImageIcon.h */,
				F9A2D3E70CCBE12B002F517B /* FVImageIcon.m */,
				CE05D46A0D7B36DD0034C2A8 /* FVMIMEIcon.h */,
				CE05D46B0D7B36DD0034C2A8 /* FVMIMEIcon.m */,
				CE05D46C0D7B36DD0034C2A8 /* FVMovieIcon.h */,
				CE05D46D0D7B36DD0034C2A8 /* FVMovieIcon.m */,
				F9A2D3EE0CCBE14E002F517B /* FVPDFIcon.h */,
				F9A2D3EF0CCBE14E002F517B /* FVPDFIcon.m */,
				CE05D46E0D7B36DD0034C2A8 /* FVPlaceholderImage.h */,
				CE05D46F0D7B36DD0034C2A8 /* FVPlaceholderImage.m */,
				F946921C0CA5700800AC2772 /* FVQuickLookIcon.m */,
				F9A2D4270CCBE6BA002F517B /* FVQuickLookIcon.h */,
				F9A2D3F20CCBE15C002F517B /* FVTextIcon.h */,
				F9A2D3F30CCBE15C002F517B /* FVTextIcon.m */,
				F92C7BAA0D280626004409D8 /* FVWebViewIcon.h */,
				F92C7BAB0D280626004409D8 /* FVWebViewIcon.m */,
			);
			name = Icons;
			sourceTree = "<group>";
		};
		CE05D48A0D7B388C0034C2A8 /* Views */ = {
			isa = PBXGroup;
			children = (
				F94691F70CA56EC500AC2772 /* FVFileView.h */,
				F94691F80CA56EC500AC2772 /* FVFileView.m */,
				F94691F90CA56EC500AC2772 /* FVArrowButtonCell.h */,
				F94691FA0CA56EC500AC2772 /* FVArrowButtonCell.m */,
				CE05D3AF0D7B22170034C2A8 /* FVColorMenuView.h */,
				CE05D3B00D7B22170034C2A8 /* FVColorMenuView.m */,
				F94691FF0CA56EC500AC2772 /* FVPreviewer.h */,
				F94692000CA56EC500AC2772 /* FVPreviewer.m */,
				CE05D3CE0D7B27FC0034C2A8 /* FVProgressIndicatorCell.h */,
				CE05D3CF0D7B27FC0034C2A8 /* FVProgressIndicatorCell.m */,
				F946944E0CA59AF100AC2772 /* FVScaledImageView.h */,
				F946944F0CA59AF100AC2772 /* FVScaledImageView.m */,
				CE05D5A00D7C10FD0034C2A8 /* FVSlider.h */,
				CE05D5A10D7C10FD0034C2A8 /* FVSlider.m */,
			);
			name = Views;
			sourceTree = "<group>";
		};
		CE05D48B0D7B38B20034C2A8 /* Caching */ = {
			isa = PBXGroup;
			children = (
				F9A2D3D80CCBDDDF002F517B /* FVBitmapContextCache.h */,
				F9A2D3D90CCBDDDF002F517B /* FVBitmapContextCache.m */,
				CE05D4380D7B31A80034C2A8 /* FVCGImageHeader.cpp */,
				CE05D4390D7B31A80034C2A8 /* FVCGImageHeader.h */,
				F9A2D39B0CCBB3B5002F517B /* FVIconCache.h */,
				F9A2D39C0CCBB3B5002F517B /* FVIconCache.mm */,
			);
			name = Caching;
			sourceTree = "<group>";
		};
		CE05D5CC0D7C21E30034C2A8 /* Queueing */ = {
			isa = PBXGroup;
			children = (
				CE05D5CE0D7C223E0034C2A8 /* FVMainThreadOperationQueue.h */,
				CE05D5CF0D7C223E0034C2A8 /* FVMainThreadOperationQueue.m */,
				CE05D5D00D7C223E0034C2A8 /* FVOperationQueue.h */,
				CE05D5D10D7C223E0034C2A8 /* FVOperationQueue.m */,
				CE05D5D20D7C223E0034C2A8 /* FVPriorityQueue.h */,
				CE05D5D30D7C223E0034C2A8 /* FVPriorityQueue.mm */,
				CE05D5D40D7C223E0034C2A8 /* FVConcreteOperationQueue.h */,
				CE05D5D50D7C223E0034C2A8 /* FVConcreteOperationQueue.m */,
			);
			name = Queueing;
			sourceTree = "<group>";
		};
		CE05D5CD0D7C22070034C2A8 /* Operations */ = {
			isa = PBXGroup;
			children = (
				CE05D5E20D7C22550034C2A8 /* FVConcreteOperation.h */,
				CE05D5E30D7C22550034C2A8 /* FVConcreteOperation.m */,
				CE05D5E40D7C22550034C2A8 /* FVIconOperation.h */,
				CE05D5E50D7C22550034C2A8 /* FVIconOperation.m */,
				CE05D5E60D7C22550034C2A8 /* FVInvocationOperation.h */,
				CE05D5E70D7C22550034C2A8 /* FVInvocationOperation.m */,
				CE05D5E80D7C22550034C2A8 /* FVOperation.h */,
				CE05D5E90D7C22550034C2A8 /* FVOperation.m */,
			);
			name = Operations;
			sourceTree = "<group>";
		};
		F946927B0CA5777300AC2772 /* FileView Program */ = {
			isa = PBXGroup;
			children = (
				F946928E0CA5784700AC2772 /* main.m */,
				F946927C0CA5777300AC2772 /* Controller.h */,
				F946927D0CA5777300AC2772 /* Controller.m */,
				F946927E0CA5777300AC2772 /* InfoPlist.strings */,
				F94692800CA5777300AC2772 /* MainMenu.nib */,
				F94692820CA5777300AC2772 /* FileView Program-Info.plist */,
			);
			path = "FileView Program";
			sourceTree = "<group>";
		};
		F9A2D2D90CCA7670002F517B /* DTSource */ = {
			isa = PBXGroup;
			children = (
				F9A2D3110CCA7791002F517B /* DTArray */,
				F9A2D3190CCA77DF002F517B /* DTUtilities.cpp */,
				F9A2D31A0CCA77DF002F517B /* DTUtilities.h */,
				F9A2D3140CCA77B3002F517B /* DTLock.h */,
				F9A2D2E90CCA772A002F517B /* DTError.h */,
				F9A2D2EA0CCA772A002F517B /* DTError.cpp */,
				F9A2D2E00CCA76B6002F517B /* DTFile.cpp */,
				F9A2D2E10CCA76B6002F517B /* DTFile.h */,
				F9A2D3380CCA78F5002F517B /* DTDataFile.h */,
				F9A2D3390CCA78F5002F517B /* DTDataFile.cpp */,
				F9A2D3420CCA7993002F517B /* DTDataStorage.cpp */,
				F9A2D3430CCA7993002F517B /* DTDataStorage.h */,
				F9A2D3480CCA79F1002F517B /* DTPointer.h */,
				F9A2D3490CCA79F1002F517B /* DTList.h */,
				F9A2D34C0CCA7A09002F517B /* DTEndianSwap.h */,
				F9A2D34D0CCA7A09002F517B /* DTEndianSwap.cpp */,
			);
			name = DTSource;
			sourceTree = "<group>";
		};
		F9A2D3110CCA7791002F517B /* DTArray */ = {
			isa = PBXGroup;
			children = (
				F9A2D31E0CCA7803002F517B /* DTArrayTemplates.h */,
				F9A2D2ED0CCA7783002F517B /* DTArray.h */,
				F9A2D2EE0CCA7783002F517B /* DTArrayConversion.cpp */,
				F9A2D2EF0CCA7783002F517B /* DTArrayConversion.h */,
				F9A2D2F00CCA7783002F517B /* DTCharArray.cpp */,
				F9A2D2F10CCA7783002F517B /* DTCharArray.h */,
				F9A2D2F20CCA7783002F517B /* DTDoubleArray.cpp */,
				F9A2D2F30CCA7783002F517B /* DTDoubleArray.h */,
				F9A2D2F40CCA7783002F517B /* DTFloatArray.cpp */,
				F9A2D2F50CCA7783002F517B /* DTFloatArray.h */,
				F9A2D2F60CCA7783002F517B /* DTIntArray.h */,
				F9A2D2F70CCA7783002F517B /* DTIntArray.cpp */,
				F9A2D2F80CCA7783002F517B /* DTShortIntArray.cpp */,
				F9A2D2F90CCA7783002F517B /* DTShortIntArray.h */,
				F9A2D2FA0CCA7783002F517B /* DTUCharArray.cpp */,
				F9A2D2FB0CCA7783002F517B /* DTUCharArray.h */,
				F9A2D2FC0CCA7783002F517B /* DTUShortIntArray.cpp */,
				F9A2D2FD0CCA7783002F517B /* DTUShortIntArray.h */,
			);
			name = DTArray;
			sourceTree = "<group>";
		};
/* End PBXGroup section */

/* Begin PBXHeadersBuildPhase section */
		8DC2EF500486A6940098B216 /* Headers */ = {
			isa = PBXHeadersBuildPhase;
			buildActionMask = 2147483647;
			files = (
				F94692020CA56EC500AC2772 /* FVFileView.h in Headers */,
				F94692040CA56EC500AC2772 /* FVArrowButtonCell.h in Headers */,
				F94692060CA56EC500AC2772 /* FVIcon.h in Headers */,
				F946920A0CA56EC500AC2772 /* FVPreviewer.h in Headers */,
				F94694500CA59AF100AC2772 /* FVScaledImageView.h in Headers */,
				F9A2D2E30CCA76B6002F517B /* DTFile.h in Headers */,
				F9A2D2EB0CCA772A002F517B /* DTError.h in Headers */,
				F9A2D2FE0CCA7783002F517B /* DTArray.h in Headers */,
				F9A2D3000CCA7783002F517B /* DTArrayConversion.h in Headers */,
				F9A2D3020CCA7783002F517B /* DTCharArray.h in Headers */,
				F9A2D3040CCA7783002F517B /* DTDoubleArray.h in Headers */,
				F9A2D3060CCA7783002F517B /* DTFloatArray.h in Headers */,
				F9A2D3070CCA7783002F517B /* DTIntArray.h in Headers */,
				F9A2D30A0CCA7783002F517B /* DTShortIntArray.h in Headers */,
				F9A2D30C0CCA7783002F517B /* DTUCharArray.h in Headers */,
				F9A2D30E0CCA7783002F517B /* DTUShortIntArray.h in Headers */,
				F9A2D3150CCA77B3002F517B /* DTLock.h in Headers */,
				F9A2D31C0CCA77DF002F517B /* DTUtilities.h in Headers */,
				F9A2D31F0CCA7803002F517B /* DTArrayTemplates.h in Headers */,
				F9A2D33A0CCA78F5002F517B /* DTDataFile.h in Headers */,
				F9A2D3450CCA7993002F517B /* DTDataStorage.h in Headers */,
				F9A2D34A0CCA79F1002F517B /* DTPointer.h in Headers */,
				F9A2D34B0CCA79F1002F517B /* DTList.h in Headers */,
				F9A2D34E0CCA7A09002F517B /* DTEndianSwap.h in Headers */,
				F9A2D39D0CCBB3B5002F517B /* FVIconCache.h in Headers */,
				F9A2D3DA0CCBDDDF002F517B /* FVBitmapContextCache.h in Headers */,
				F9A2D3E80CCBE12B002F517B /* FVImageIcon.h in Headers */,
				F9A2D3EC0CCBE13F002F517B /* FVFinderIcon.h in Headers */,
				F9A2D3F00CCBE14E002F517B /* FVPDFIcon.h in Headers */,
				F9A2D3F40CCBE15C002F517B /* FVTextIcon.h in Headers */,
				F9A2D3FF0CCBE321002F517B /* FVIcon_Private.h in Headers */,
				F9A2D4280CCBE6BA002F517B /* FVQuickLookIcon.h in Headers */,
				F92C7BC70D280D0E004409D8 /* FVWebViewIcon.h in Headers */,
				F93C3AEB0D39473C006EB558 /* FVFinderLabel.h in Headers */,
				CE05D35E0D7B0D750034C2A8 /* FVUtilities.h in Headers */,
				CE05D3B10D7B22170034C2A8 /* FVColorMenuView.h in Headers */,
				CE05D3C60D7B272A0034C2A8 /* FVDownload.h in Headers */,
				CE05D3D00D7B27FC0034C2A8 /* FVProgressIndicatorCell.h in Headers */,
				CE05D43B0D7B31A80034C2A8 /* FVCGImageHeader.h in Headers */,
				CE05D4710D7B36DD0034C2A8 /* FVMIMEIcon.h in Headers */,
				CE05D4730D7B36DD0034C2A8 /* FVMovieIcon.h in Headers */,
				CE05D4750D7B36DD0034C2A8 /* FVPlaceholderImage.h in Headers */,
				CE05D5A20D7C10FD0034C2A8 /* FVSlider.h in Headers */,
				CE8923300D7CBB0C006D514C /* FVConcreteOperationQueue.h in Headers */,
				CE8923320D7CBB0E006D514C /* FVMainThreadOperationQueue.h in Headers */,
				CE8923340D7CBB0F006D514C /* FVOperationQueue.h in Headers */,
				CE8923360D7CBB11006D514C /* FVPriorityQueue.h in Headers */,
				CE8923380D7CBB14006D514C /* FVConcreteOperation.h in Headers */,
				CE89233A0D7CBB16006D514C /* FVIconOperation.h in Headers */,
				CE89233C0D7CBB17006D514C /* FVInvocationOperation.h in Headers */,
				CE89233E0D7CBB19006D514C /* FVOperation.h in Headers */,
				CEA831140DC1FAB500B551D1 /* FVAccessibilityIconElement.h in Headers */,
				CEFC19B10F693E8B00B2AEE6 /* FileView.h in Headers */,
			);
			runOnlyForDeploymentPostprocessing = 0;
		};
/* End PBXHeadersBuildPhase section */

/* Begin PBXNativeTarget section */
		8DC2EF4F0486A6940098B216 /* FileView */ = {
			isa = PBXNativeTarget;
			buildConfigurationList = 1DEB91AD08733DA50010E9CD /* Build configuration list for PBXNativeTarget "FileView" */;
			buildPhases = (
				F9E469000CFF69CD003E6C0A /* ShellScript */,
				8DC2EF500486A6940098B216 /* Headers */,
				8DC2EF520486A6940098B216 /* Resources */,
				8DC2EF540486A6940098B216 /* Sources */,
				8DC2EF560486A6940098B216 /* Frameworks */,
			);
			buildRules = (
			);
			dependencies = (
			);
			name = FileView;
			productInstallPath = "$(HOME)/Library/Frameworks";
			productName = FileView;
			productReference = 8DC2EF5B0486A6940098B216 /* FileView.framework */;
			productType = "com.apple.product-type.framework";
		};
		F94692120CA56F4300AC2772 /* FileView-Leopard */ = {
			isa = PBXNativeTarget;
			buildConfigurationList = F94692170CA56F4600AC2772 /* Build configuration list for PBXNativeTarget "FileView-Leopard" */;
			buildPhases = (
				F946920F0CA56F4300AC2772 /* Resources */,
				F94692100CA56F4300AC2772 /* Sources */,
				F94692110CA56F4300AC2772 /* Frameworks */,
			);
			buildRules = (
			);
			dependencies = (
				F9F04CDB0CE260AC00F28ED2 /* PBXTargetDependency */,
			);
			name = "FileView-Leopard";
			productName = "FileView-Leopard";
			productReference = F94692130CA56F4300AC2772 /* FileView-Leopard.bundle */;
			productType = "com.apple.product-type.bundle";
		};
		F94692500CA575F000AC2772 /* FileView Program */ = {
			isa = PBXNativeTarget;
			buildConfigurationList = F94692560CA575F200AC2772 /* Build configuration list for PBXNativeTarget "FileView Program" */;
			buildPhases = (
				F946924D0CA575F000AC2772 /* Resources */,
				F946924E0CA575F000AC2772 /* Sources */,
				F946924F0CA575F000AC2772 /* Frameworks */,
				F94693FE0CA583A000AC2772 /* CopyFiles */,
			);
			buildRules = (
			);
			dependencies = (
				CE3A673F0D60F24200D20AC7 /* PBXTargetDependency */,
			);
			name = "FileView Program";
			productName = "FileView Program";
			productReference = F94692510CA575F000AC2772 /* FileView Program.app */;
			productType = "com.apple.product-type.application";
		};
/* End PBXNativeTarget section */

/* Begin PBXProject section */
		0867D690FE84028FC02AAC07 /* Project object */ = {
			isa = PBXProject;
			buildConfigurationList = 1DEB91B108733DA50010E9CD /* Build configuration list for PBXProject "FileView" */;
			compatibilityVersion = "Xcode 2.4";
			hasScannedForEncodings = 1;
			mainGroup = 0867D691FE84028FC02AAC07 /* FileView */;
			productRefGroup = 034768DFFF38A50411DB9C8B /* Products */;
			projectDirPath = "";
			projectRoot = "";
			targets = (
				8DC2EF4F0486A6940098B216 /* FileView */,
				F94692120CA56F4300AC2772 /* FileView-Leopard */,
				F9F04CE10CE260EB00F28ED2 /* FileView + Leopard */,
				F94692500CA575F000AC2772 /* FileView Program */,
			);
		};
/* End PBXProject section */

/* Begin PBXResourcesBuildPhase section */
		8DC2EF520486A6940098B216 /* Resources */ = {
			isa = PBXResourcesBuildPhase;
			buildActionMask = 2147483647;
			files = (
				8DC2EF530486A6940098B216 /* InfoPlist.strings in Resources */,
				F94692A60CA5793B00AC2772 /* FVPreviewer.nib in Resources */,
				F9F22DE90CDAD53300A9D449 /* License in Resources */,
				F9E469370CFF6D12003E6C0A /* FileView.strings in Resources */,
				CE05D3AD0D7B21DC0034C2A8 /* FVColorMenuView.nib in Resources */,
			);
			runOnlyForDeploymentPostprocessing = 0;
		};
		F946920F0CA56F4300AC2772 /* Resources */ = {
			isa = PBXResourcesBuildPhase;
			buildActionMask = 2147483647;
			files = (
			);
			runOnlyForDeploymentPostprocessing = 0;
		};
		F946924D0CA575F000AC2772 /* Resources */ = {
			isa = PBXResourcesBuildPhase;
			buildActionMask = 2147483647;
			files = (
				F94692840CA5777300AC2772 /* InfoPlist.strings in Resources */,
				F94692850CA5777300AC2772 /* MainMenu.nib in Resources */,
				F94692860CA5777300AC2772 /* FileView Program-Info.plist in Resources */,
			);
			runOnlyForDeploymentPostprocessing = 0;
		};
/* End PBXResourcesBuildPhase section */

/* Begin PBXShellScriptBuildPhase section */
		F9E469000CFF69CD003E6C0A /* ShellScript */ = {
			isa = PBXShellScriptBuildPhase;
			buildActionMask = 2147483647;
			files = (
			);
			inputPaths = (
			);
			outputPaths = (
			);
			runOnlyForDeploymentPostprocessing = 0;
			shellPath = /bin/sh;
			shellScript = "cd ${SOURCE_ROOT}\n/usr/bin/genstrings -o \"${SOURCE_ROOT}/English.lproj\" *.m";
		};
/* End PBXShellScriptBuildPhase section */

/* Begin PBXSourcesBuildPhase section */
		8DC2EF540486A6940098B216 /* Sources */ = {
			isa = PBXSourcesBuildPhase;
			buildActionMask = 2147483647;
			files = (
				F94692030CA56EC500AC2772 /* FVFileView.m in Sources */,
				F94692050CA56EC500AC2772 /* FVArrowButtonCell.m in Sources */,
				F94692070CA56EC500AC2772 /* FVIcon.m in Sources */,
				F946920B0CA56EC500AC2772 /* FVPreviewer.m in Sources */,
				F94694510CA59AF100AC2772 /* FVScaledImageView.m in Sources */,
				F9A2D2E20CCA76B6002F517B /* DTFile.cpp in Sources */,
				F9A2D2EC0CCA772A002F517B /* DTError.cpp in Sources */,
				F9A2D2FF0CCA7783002F517B /* DTArrayConversion.cpp in Sources */,
				F9A2D3010CCA7783002F517B /* DTCharArray.cpp in Sources */,
				F9A2D3030CCA7783002F517B /* DTDoubleArray.cpp in Sources */,
				F9A2D3050CCA7783002F517B /* DTFloatArray.cpp in Sources */,
				F9A2D3080CCA7783002F517B /* DTIntArray.cpp in Sources */,
				F9A2D3090CCA7783002F517B /* DTShortIntArray.cpp in Sources */,
				F9A2D30B0CCA7783002F517B /* DTUCharArray.cpp in Sources */,
				F9A2D30D0CCA7783002F517B /* DTUShortIntArray.cpp in Sources */,
				F9A2D31B0CCA77DF002F517B /* DTUtilities.cpp in Sources */,
				F9A2D33B0CCA78F5002F517B /* DTDataFile.cpp in Sources */,
				F9A2D3440CCA7993002F517B /* DTDataStorage.cpp in Sources */,
				F9A2D34F0CCA7A09002F517B /* DTEndianSwap.cpp in Sources */,
				F9A2D39E0CCBB3B5002F517B /* FVIconCache.mm in Sources */,
				F9A2D3DB0CCBDDDF002F517B /* FVBitmapContextCache.m in Sources */,
				F9A2D3E90CCBE12B002F517B /* FVImageIcon.m in Sources */,
				F9A2D3ED0CCBE13F002F517B /* FVFinderIcon.m in Sources */,
				F9A2D3F10CCBE14E002F517B /* FVPDFIcon.m in Sources */,
				F9A2D3F50CCBE15C002F517B /* FVTextIcon.m in Sources */,
				F92C7BC80D280D0F004409D8 /* FVWebViewIcon.m in Sources */,
				F93C3AEC0D39473C006EB558 /* FVFinderLabel.m in Sources */,
				CE05D35B0D7B0D4A0034C2A8 /* FVUtilities.m in Sources */,
				CE05D3B20D7B22170034C2A8 /* FVColorMenuView.m in Sources */,
				CE05D3C70D7B272A0034C2A8 /* FVDownload.m in Sources */,
				CE05D3D10D7B27FC0034C2A8 /* FVProgressIndicatorCell.m in Sources */,
				CE05D43A0D7B31A80034C2A8 /* FVCGImageHeader.cpp in Sources */,
				CE05D4700D7B36DD0034C2A8 /* FVIcon_Private.m in Sources */,
				CE05D4720D7B36DD0034C2A8 /* FVMIMEIcon.m in Sources */,
				CE05D4740D7B36DD0034C2A8 /* FVMovieIcon.m in Sources */,
				CE05D4760D7B36DD0034C2A8 /* FVPlaceholderImage.m in Sources */,
				CE05D5A30D7C10FD0034C2A8 /* FVSlider.m in Sources */,
				CE8923310D7CBB0D006D514C /* FVConcreteOperationQueue.m in Sources */,
				CE8923330D7CBB0E006D514C /* FVMainThreadOperationQueue.m in Sources */,
				CE8923350D7CBB10006D514C /* FVOperationQueue.m in Sources */,
				CE8923370D7CBB11006D514C /* FVPriorityQueue.mm in Sources */,
				CE8923390D7CBB15006D514C /* FVConcreteOperation.m in Sources */,
				CE89233B0D7CBB17006D514C /* FVIconOperation.m in Sources */,
				CE89233D0D7CBB18006D514C /* FVInvocationOperation.m in Sources */,
				CE89233F0D7CBB1A006D514C /* FVOperation.m in Sources */,
				CEA831150DC1FAB500B551D1 /* FVAccessibilityIconElement.m in Sources */,
			);
			runOnlyForDeploymentPostprocessing = 0;
		};
		F94692100CA56F4300AC2772 /* Sources */ = {
			isa = PBXSourcesBuildPhase;
			buildActionMask = 2147483647;
			files = (
				F946921D0CA5700800AC2772 /* FVQuickLookIcon.m in Sources */,
			);
			runOnlyForDeploymentPostprocessing = 0;
		};
		F946924E0CA575F000AC2772 /* Sources */ = {
			isa = PBXSourcesBuildPhase;
			buildActionMask = 2147483647;
			files = (
				F94692830CA5777300AC2772 /* Controller.m in Sources */,
				F946928F0CA5784700AC2772 /* main.m in Sources */,
			);
			runOnlyForDeploymentPostprocessing = 0;
		};
/* End PBXSourcesBuildPhase section */

/* Begin PBXTargetDependency section */
		CE3A673F0D60F24200D20AC7 /* PBXTargetDependency */ = {
			isa = PBXTargetDependency;
			target = F9F04CE10CE260EB00F28ED2 /* FileView + Leopard */;
			targetProxy = CE3A673E0D60F24200D20AC7 /* PBXContainerItemProxy */;
		};
		F9F04CDB0CE260AC00F28ED2 /* PBXTargetDependency */ = {
			isa = PBXTargetDependency;
			target = 8DC2EF4F0486A6940098B216 /* FileView */;
			targetProxy = F9F04CDA0CE260AC00F28ED2 /* PBXContainerItemProxy */;
		};
		F9F04CE50CE260F400F28ED2 /* PBXTargetDependency */ = {
			isa = PBXTargetDependency;
			target = F94692120CA56F4300AC2772 /* FileView-Leopard */;
			targetProxy = F9F04CE40CE260F400F28ED2 /* PBXContainerItemProxy */;
		};
/* End PBXTargetDependency section */

/* Begin PBXVariantGroup section */
		089C1666FE841158C02AAC07 /* InfoPlist.strings */ = {
			isa = PBXVariantGroup;
			children = (
				089C1667FE841158C02AAC07 /* English */,
				F93C351F0D35D221006EB558 /* French */,
			);
			name = InfoPlist.strings;
			sourceTree = "<group>";
		};
		CE05D3AC0D7B21DC0034C2A8 /* FVColorMenuView.nib */ = {
			isa = PBXVariantGroup;
			children = (
				CE05D3A70D7B21A70034C2A8 /* English */,
				CE05D3AE0D7B21EF0034C2A8 /* French */,
			);
			name = FVColorMenuView.nib;
			sourceTree = "<group>";
		};
		F946927E0CA5777300AC2772 /* InfoPlist.strings */ = {
			isa = PBXVariantGroup;
			children = (
				F946927F0CA5777300AC2772 /* English */,
			);
			name = InfoPlist.strings;
			sourceTree = "<group>";
		};
		F94692800CA5777300AC2772 /* MainMenu.nib */ = {
			isa = PBXVariantGroup;
			children = (
				F94692810CA5777300AC2772 /* English */,
			);
			name = MainMenu.nib;
			sourceTree = "<group>";
		};
		F94692A50CA5793B00AC2772 /* FVPreviewer.nib */ = {
			isa = PBXVariantGroup;
			children = (
				F94692010CA56EC500AC2772 /* English */,
				F93C35200D35D23E006EB558 /* French */,
			);
			name = FVPreviewer.nib;
			sourceTree = "<group>";
		};
		F9E469350CFF6D12003E6C0A /* FileView.strings */ = {
			isa = PBXVariantGroup;
			children = (
				F9E469360CFF6D12003E6C0A /* English */,
				F93C351E0D35D214006EB558 /* French */,
			);
			name = FileView.strings;
			sourceTree = "<group>";
		};
/* End PBXVariantGroup section */

/* Begin XCBuildConfiguration section */
		1DEB91AE08733DA50010E9CD /* Debug */ = {
			isa = XCBuildConfiguration;
			buildSettings = {
				COPY_PHASE_STRIP = NO;
				DYLIB_COMPATIBILITY_VERSION = 1;
				DYLIB_CURRENT_VERSION = 1;
				FRAMEWORK_VERSION = A;
				GCC_DYNAMIC_NO_PIC = NO;
				GCC_ENABLE_FIX_AND_CONTINUE = YES;
				GCC_MODEL_TUNING = G4;
				GCC_OPTIMIZATION_LEVEL = 0;
				GCC_PRECOMPILE_PREFIX_HEADER = YES;
				GCC_PREFIX_HEADER = FileView_Prefix.pch;
				INFOPLIST_FILE = Info.plist;
				INSTALL_PATH = "@executable_path/../Frameworks";
				MACOSX_DEPLOYMENT_TARGET = 10.4;
				PRODUCT_NAME = FileView;
				WRAPPER_EXTENSION = framework;
				ZERO_LINK = NO;
			};
			name = Debug;
		};
		1DEB91AF08733DA50010E9CD /* Release */ = {
			isa = XCBuildConfiguration;
			buildSettings = {
				DEBUG_INFORMATION_FORMAT = dwarf;
				DYLIB_COMPATIBILITY_VERSION = 1;
				DYLIB_CURRENT_VERSION = 1;
				FRAMEWORK_VERSION = A;
				GCC_MODEL_TUNING = G4;
				GCC_PRECOMPILE_PREFIX_HEADER = YES;
				GCC_PREFIX_HEADER = FileView_Prefix.pch;
				GCC_WARN_UNINITIALIZED_AUTOS = YES;
				INFOPLIST_FILE = Info.plist;
				INSTALL_PATH = "@executable_path/../Frameworks";
				MACOSX_DEPLOYMENT_TARGET = 10.4;
				PRODUCT_NAME = FileView;
				WRAPPER_EXTENSION = framework;
				ZERO_LINK = NO;
			};
			name = Release;
		};
		1DEB91B208733DA50010E9CD /* Debug */ = {
			isa = XCBuildConfiguration;
			buildSettings = {
				DEBUG_INFORMATION_FORMAT = dwarf;
				GCC_OPTIMIZATION_LEVEL = 0;
				GCC_PRECOMPILE_PREFIX_HEADER = YES;
				GCC_PREFIX_HEADER = FileView_Prefix.pch;
				GCC_PREPROCESSOR_DEFINITIONS = DEBUG;
				GCC_WARN_ABOUT_MISSING_NEWLINE = YES;
				GCC_WARN_ABOUT_RETURN_TYPE = YES;
				GCC_WARN_CHECK_SWITCH_STATEMENTS = YES;
				GCC_WARN_PROTOTYPE_CONVERSION = NO;
				GCC_WARN_SHADOW = YES;
				GCC_WARN_SIGN_COMPARE = YES;
				GCC_WARN_UNINITIALIZED_AUTOS = NO;
				GCC_WARN_UNUSED_FUNCTION = YES;
				GCC_WARN_UNUSED_LABEL = YES;
				GCC_WARN_UNUSED_PARAMETER = NO;
				GCC_WARN_UNUSED_VALUE = YES;
				GCC_WARN_UNUSED_VARIABLE = YES;
				MACOSX_DEPLOYMENT_TARGET = 10.4;
				PREBINDING = NO;
				SDKROOT = /Developer/SDKs/MacOSX10.5.sdk;
			};
			name = Debug;
		};
		1DEB91B308733DA50010E9CD /* Release */ = {
			isa = XCBuildConfiguration;
			buildSettings = {
				ARCHS = (
					i386,
					ppc,
				);
				GCC_WARN_ABOUT_MISSING_NEWLINE = YES;
				GCC_WARN_ABOUT_RETURN_TYPE = YES;
				GCC_WARN_CHECK_SWITCH_STATEMENTS = YES;
				GCC_WARN_PROTOTYPE_CONVERSION = NO;
				GCC_WARN_SHADOW = YES;
				GCC_WARN_SIGN_COMPARE = YES;
				GCC_WARN_UNINITIALIZED_AUTOS = NO;
				GCC_WARN_UNUSED_FUNCTION = YES;
				GCC_WARN_UNUSED_LABEL = YES;
				GCC_WARN_UNUSED_PARAMETER = NO;
				GCC_WARN_UNUSED_VALUE = YES;
				GCC_WARN_UNUSED_VARIABLE = YES;
				MACOSX_DEPLOYMENT_TARGET = 10.4;
				PREBINDING = NO;
				SDKROOT = /Developer/SDKs/MacOSX10.5.sdk;
			};
			name = Release;
		};
		F94692150CA56F4600AC2772 /* Debug */ = {
			isa = XCBuildConfiguration;
			buildSettings = {
				COPY_PHASE_STRIP = NO;
				GCC_DYNAMIC_NO_PIC = NO;
				GCC_ENABLE_FIX_AND_CONTINUE = YES;
				GCC_MODEL_TUNING = G5;
				GCC_OPTIMIZATION_LEVEL = 0;
				GCC_PRECOMPILE_PREFIX_HEADER = YES;
				GCC_PREFIX_HEADER = FileView_Prefix.pch;
				INFOPLIST_FILE = "FileView-Leopard-Info.plist";
				INSTALL_PATH = "$(HOME)/Library/Bundles";
				MACOSX_DEPLOYMENT_TARGET = 10.5;
				OTHER_LDFLAGS = (
					"-framework",
					Foundation,
					"-framework",
					AppKit,
				);
				PREBINDING = NO;
				PRODUCT_NAME = "FileView-Leopard";
				SDKROOT = /Developer/SDKs/MacOSX10.5.sdk;
				WRAPPER_EXTENSION = bundle;
				ZERO_LINK = YES;
			};
			name = Debug;
		};
		F94692160CA56F4600AC2772 /* Release */ = {
			isa = XCBuildConfiguration;
			buildSettings = {
				COPY_PHASE_STRIP = YES;
				DEBUG_INFORMATION_FORMAT = "dwarf-with-dsym";
				GCC_ENABLE_FIX_AND_CONTINUE = NO;
				GCC_MODEL_TUNING = G5;
				GCC_PRECOMPILE_PREFIX_HEADER = YES;
				GCC_PREFIX_HEADER = FileView_Prefix.pch;
				INFOPLIST_FILE = "FileView-Leopard-Info.plist";
				INSTALL_PATH = "$(HOME)/Library/Bundles";
				MACOSX_DEPLOYMENT_TARGET = 10.5;
				OTHER_LDFLAGS = (
					"-framework",
					Foundation,
					"-framework",
					AppKit,
				);
				PREBINDING = NO;
				PRODUCT_NAME = "FileView-Leopard";
				SDKROOT = /Developer/SDKs/MacOSX10.5.sdk;
				WRAPPER_EXTENSION = bundle;
				ZERO_LINK = NO;
			};
			name = Release;
		};
		F94692540CA575F100AC2772 /* Debug */ = {
			isa = XCBuildConfiguration;
			buildSettings = {
				COPY_PHASE_STRIP = NO;
				GCC_DYNAMIC_NO_PIC = NO;
				GCC_ENABLE_FIX_AND_CONTINUE = YES;
				GCC_MODEL_TUNING = G5;
				GCC_OPTIMIZATION_LEVEL = 0;
				GCC_PRECOMPILE_PREFIX_HEADER = YES;
				GCC_PREFIX_HEADER = "$(SYSTEM_LIBRARY_DIR)/Frameworks/AppKit.framework/Headers/AppKit.h";
				INFOPLIST_FILE = "${SOURCE_ROOT}/FileView Program/FileView Program-Info.plist";
				INSTALL_PATH = "$(HOME)/Applications";
				OTHER_LDFLAGS = (
					"-framework",
					Foundation,
					"-framework",
					AppKit,
				);
				PREBINDING = NO;
				PRODUCT_NAME = "FileView Program";
				WRAPPER_EXTENSION = app;
				ZERO_LINK = YES;
			};
			name = Debug;
		};
		F94692550CA575F100AC2772 /* Release */ = {
			isa = XCBuildConfiguration;
			buildSettings = {
				COPY_PHASE_STRIP = YES;
				DEBUG_INFORMATION_FORMAT = "dwarf-with-dsym";
				GCC_ENABLE_FIX_AND_CONTINUE = NO;
				GCC_MODEL_TUNING = G5;
				GCC_PRECOMPILE_PREFIX_HEADER = YES;
				GCC_PREFIX_HEADER = "$(SYSTEM_LIBRARY_DIR)/Frameworks/AppKit.framework/Headers/AppKit.h";
				INFOPLIST_FILE = "${SOURCE_ROOT}/FileView Program/FileView Program-Info.plist";
				INSTALL_PATH = "$(HOME)/Applications";
				OTHER_LDFLAGS = (
					"-framework",
					Foundation,
					"-framework",
					AppKit,
				);
				PREBINDING = NO;
				PRODUCT_NAME = "FileView Program";
				WRAPPER_EXTENSION = app;
				ZERO_LINK = NO;
			};
			name = Release;
		};
		F9F04CE20CE260EB00F28ED2 /* Debug */ = {
			isa = XCBuildConfiguration;
			buildSettings = {
				COPY_PHASE_STRIP = NO;
				GCC_DYNAMIC_NO_PIC = NO;
				GCC_OPTIMIZATION_LEVEL = 0;
				PRODUCT_NAME = "Bundle QL plugin";
			};
			name = Debug;
		};
		F9F04CE30CE260EB00F28ED2 /* Release */ = {
			isa = XCBuildConfiguration;
			buildSettings = {
				COPY_PHASE_STRIP = NO;
				DEBUG_INFORMATION_FORMAT = "dwarf-with-dsym";
				GCC_ENABLE_FIX_AND_CONTINUE = NO;
				PRODUCT_NAME = "Bundle QL plugin";
				ZERO_LINK = NO;
			};
			name = Release;
		};
/* End XCBuildConfiguration section */

/* Begin XCConfigurationList section */
		1DEB91AD08733DA50010E9CD /* Build configuration list for PBXNativeTarget "FileView" */ = {
			isa = XCConfigurationList;
			buildConfigurations = (
				1DEB91AE08733DA50010E9CD /* Debug */,
				1DEB91AF08733DA50010E9CD /* Release */,
			);
			defaultConfigurationIsVisible = 0;
			defaultConfigurationName = Release;
		};
		1DEB91B108733DA50010E9CD /* Build configuration list for PBXProject "FileView" */ = {
			isa = XCConfigurationList;
			buildConfigurations = (
				1DEB91B208733DA50010E9CD /* Debug */,
				1DEB91B308733DA50010E9CD /* Release */,
			);
			defaultConfigurationIsVisible = 0;
			defaultConfigurationName = Release;
		};
		F94692170CA56F4600AC2772 /* Build configuration list for PBXNativeTarget "FileView-Leopard" */ = {
			isa = XCConfigurationList;
			buildConfigurations = (
				F94692150CA56F4600AC2772 /* Debug */,
				F94692160CA56F4600AC2772 /* Release */,
			);
			defaultConfigurationIsVisible = 0;
			defaultConfigurationName = Release;
		};
		F94692560CA575F200AC2772 /* Build configuration list for PBXNativeTarget "FileView Program" */ = {
			isa = XCConfigurationList;
			buildConfigurations = (
				F94692540CA575F100AC2772 /* Debug */,
				F94692550CA575F100AC2772 /* Release */,
			);
			defaultConfigurationIsVisible = 0;
			defaultConfigurationName = Release;
		};
		F9F04CE80CE2612D00F28ED2 /* Build configuration list for PBXAggregateTarget "FileView + Leopard" */ = {
			isa = XCConfigurationList;
			buildConfigurations = (
				F9F04CE20CE260EB00F28ED2 /* Debug */,
				F9F04CE30CE260EB00F28ED2 /* Release */,
			);
			defaultConfigurationIsVisible = 0;
			defaultConfigurationName = Release;
		};
/* End XCConfigurationList section */
	};
	rootObject = 0867D690FE84028FC02AAC07 /* Project object */;
}
